// !$*UTF8*$!
{
	archiveVersion = 1;
	classes = {
	};
	objectVersion = 48;
	objects = {

/* Begin PBXBuildFile section */
		594767061FDAC83200A9B56B /* ResponderTableView.m in Sources */ = {isa = PBXBuildFile; fileRef = 594767051FDAC83200A9B56B /* ResponderTableView.m */; };
		5953AD8A1FE2B12300BF37B2 /* CoreDataManager.m in Sources */ = {isa = PBXBuildFile; fileRef = 5953AD891FE2B12300BF37B2 /* CoreDataManager.m */; };
		5953AD941FE2C88F00BF37B2 /* BaseRepository.m in Sources */ = {isa = PBXBuildFile; fileRef = 5953AD931FE2C88F00BF37B2 /* BaseRepository.m */; };
		5953AD991FE2D46E00BF37B2 /* CountryRepository.m in Sources */ = {isa = PBXBuildFile; fileRef = 5953AD981FE2D46E00BF37B2 /* CountryRepository.m */; };
		5953ADA41FE2E3FD00BF37B2 /* CountryManaged+CoreDataClass.m in Sources */ = {isa = PBXBuildFile; fileRef = 5953ADA21FE2E3FD00BF37B2 /* CountryManaged+CoreDataClass.m */; };
		5953ADA51FE2E3FD00BF37B2 /* CountryManaged+CoreDataProperties.m in Sources */ = {isa = PBXBuildFile; fileRef = 5953ADA31FE2E3FD00BF37B2 /* CountryManaged+CoreDataProperties.m */; };
		597C48BB1FEC09AE009AD84C /* CountryDetailsViewControllerTest.m in Sources */ = {isa = PBXBuildFile; fileRef = 597C48BA1FEC09AE009AD84C /* CountryDetailsViewControllerTest.m */; };
		5991FC821FD6D70C00250D78 /* CountryDetailsViewController.m in Sources */ = {isa = PBXBuildFile; fileRef = 5991FC811FD6D70C00250D78 /* CountryDetailsViewController.m */; };
		59956A5A1FED52D00083298D /* ImageDownloaderTest.m in Sources */ = {isa = PBXBuildFile; fileRef = 59956A591FED52D00083298D /* ImageDownloaderTest.m */; };
		5998F33B1FCDA71700E88012 /* AppDelegate.m in Sources */ = {isa = PBXBuildFile; fileRef = 5998F33A1FCDA71700E88012 /* AppDelegate.m */; };
		5998F3411FCDA71700E88012 /* Main.storyboard in Resources */ = {isa = PBXBuildFile; fileRef = 5998F33F1FCDA71700E88012 /* Main.storyboard */; };
		5998F3441FCDA71700E88012 /* FlatstackTask.xcdatamodeld in Sources */ = {isa = PBXBuildFile; fileRef = 5998F3421FCDA71700E88012 /* FlatstackTask.xcdatamodeld */; };
		5998F3461FCDA71700E88012 /* Assets.xcassets in Resources */ = {isa = PBXBuildFile; fileRef = 5998F3451FCDA71700E88012 /* Assets.xcassets */; };
		5998F3491FCDA71700E88012 /* LaunchScreen.storyboard in Resources */ = {isa = PBXBuildFile; fileRef = 5998F3471FCDA71700E88012 /* LaunchScreen.storyboard */; };
		5998F34C1FCDA71700E88012 /* main.m in Sources */ = {isa = PBXBuildFile; fileRef = 5998F34B1FCDA71700E88012 /* main.m */; };
		5998F3561FCDA71700E88012 /* CountryTableViewControllerTest.m in Sources */ = {isa = PBXBuildFile; fileRef = 5998F3551FCDA71700E88012 /* CountryTableViewControllerTest.m */; };
		5998F3611FCDA71700E88012 /* FlatstackTaskUITests.m in Sources */ = {isa = PBXBuildFile; fileRef = 5998F3601FCDA71700E88012 /* FlatstackTaskUITests.m */; };
		5998F3741FCDA79200E88012 /* CountryTableViewController.m in Sources */ = {isa = PBXBuildFile; fileRef = 5998F3731FCDA79200E88012 /* CountryTableViewController.m */; };
		5998F3771FCDA7FB00E88012 /* Country.m in Sources */ = {isa = PBXBuildFile; fileRef = 5998F3761FCDA7FB00E88012 /* Country.m */; };
		5998F37B1FCDAC6000E88012 /* CountryTableViewCell.m in Sources */ = {isa = PBXBuildFile; fileRef = 5998F3791FCDAC6000E88012 /* CountryTableViewCell.m */; };
		5998F37C1FCDAC6000E88012 /* CountryTableViewCell.xib in Resources */ = {isa = PBXBuildFile; fileRef = 5998F37A1FCDAC6000E88012 /* CountryTableViewCell.xib */; };
		5998F38F1FD031C700E88012 /* LoadCountryRequest.m in Sources */ = {isa = PBXBuildFile; fileRef = 5998F38E1FD031C700E88012 /* LoadCountryRequest.m */; };
		5998F3961FD0379B00E88012 /* ApiProvider.m in Sources */ = {isa = PBXBuildFile; fileRef = 5998F3951FD0379B00E88012 /* ApiProvider.m */; };
		5998F39D1FD0449E00E88012 /* CountryParser.m in Sources */ = {isa = PBXBuildFile; fileRef = 5998F39C1FD0449E00E88012 /* CountryParser.m */; };
		5998F3A01FD061E600E88012 /* ImageDownloader.m in Sources */ = {isa = PBXBuildFile; fileRef = 5998F39F1FD061E600E88012 /* ImageDownloader.m */; };
		59C8B5E31FD1947D0015CB34 /* CountryInfoTableViewCell.m in Sources */ = {isa = PBXBuildFile; fileRef = 59C8B5E11FD1947D0015CB34 /* CountryInfoTableViewCell.m */; };
		59C8B5E41FD1947D0015CB34 /* CountryInfoTableViewCell.xib in Resources */ = {isa = PBXBuildFile; fileRef = 59C8B5E21FD1947D0015CB34 /* CountryInfoTableViewCell.xib */; };
		59C8B5E91FD195D60015CB34 /* CountryAboutTableViewCell.m in Sources */ = {isa = PBXBuildFile; fileRef = 59C8B5E71FD195D60015CB34 /* CountryAboutTableViewCell.m */; };
		59C8B5EA1FD195D60015CB34 /* CountryAboutTableViewCell.xib in Resources */ = {isa = PBXBuildFile; fileRef = 59C8B5E81FD195D60015CB34 /* CountryAboutTableViewCell.xib */; };
		59C8B5EF1FD1975B0015CB34 /* CountryImagesCollectionViewCell.m in Sources */ = {isa = PBXBuildFile; fileRef = 59C8B5ED1FD1975B0015CB34 /* CountryImagesCollectionViewCell.m */; };
		59C8B5F01FD1975B0015CB34 /* CountryImagesCollectionViewCell.xib in Resources */ = {isa = PBXBuildFile; fileRef = 59C8B5EE1FD1975B0015CB34 /* CountryImagesCollectionViewCell.xib */; };
		7060C0EF156F4E1CD3137C1B /* libPods-FlatstackTaskUITests.a in Frameworks */ = {isa = PBXBuildFile; fileRef = D2D7EB7C65DC9CD2F615A043 /* libPods-FlatstackTaskUITests.a */; };
		AF54F36F2F1A8E37783658AC /* libPods-FlatstackTaskTests.a in Frameworks */ = {isa = PBXBuildFile; fileRef = 17AA283493DB6F4B94298430 /* libPods-FlatstackTaskTests.a */; };
		C4772F725A31FCD8FFF8F312 /* libPods-FlatstackTask.a in Frameworks */ = {isa = PBXBuildFile; fileRef = 3E655F704D9207B8BA523714 /* libPods-FlatstackTask.a */; };
/* End PBXBuildFile section */

/* Begin PBXContainerItemProxy section */
		5998F3521FCDA71700E88012 /* PBXContainerItemProxy */ = {
			isa = PBXContainerItemProxy;
			containerPortal = 5998F32E1FCDA71700E88012 /* Project object */;
			proxyType = 1;
			remoteGlobalIDString = 5998F3351FCDA71700E88012;
			remoteInfo = FlatstackTask;
		};
		5998F35D1FCDA71700E88012 /* PBXContainerItemProxy */ = {
			isa = PBXContainerItemProxy;
			containerPortal = 5998F32E1FCDA71700E88012 /* Project object */;
			proxyType = 1;
			remoteGlobalIDString = 5998F3351FCDA71700E88012;
			remoteInfo = FlatstackTask;
		};
/* End PBXContainerItemProxy section */

/* Begin PBXFileReference section */
		0ACAF55E5F4CF43F4CBBA6A3 /* Pods-FlatstackTaskTests.debug.xcconfig */ = {isa = PBXFileReference; includeInIndex = 1; lastKnownFileType = text.xcconfig; name = "Pods-FlatstackTaskTests.debug.xcconfig"; path = "Pods/Target Support Files/Pods-FlatstackTaskTests/Pods-FlatstackTaskTests.debug.xcconfig"; sourceTree = "<group>"; };
		17AA283493DB6F4B94298430 /* libPods-FlatstackTaskTests.a */ = {isa = PBXFileReference; explicitFileType = archive.ar; includeInIndex = 0; path = "libPods-FlatstackTaskTests.a"; sourceTree = BUILT_PRODUCTS_DIR; };
		3E655F704D9207B8BA523714 /* libPods-FlatstackTask.a */ = {isa = PBXFileReference; explicitFileType = archive.ar; includeInIndex = 0; path = "libPods-FlatstackTask.a"; sourceTree = BUILT_PRODUCTS_DIR; };
		4A37B0A8DAF971D20C28D828 /* Pods-FlatstackTask.debug.xcconfig */ = {isa = PBXFileReference; includeInIndex = 1; lastKnownFileType = text.xcconfig; name = "Pods-FlatstackTask.debug.xcconfig"; path = "Pods/Target Support Files/Pods-FlatstackTask/Pods-FlatstackTask.debug.xcconfig"; sourceTree = "<group>"; };
		594767041FDAC83200A9B56B /* ResponderTableView.h */ = {isa = PBXFileReference; lastKnownFileType = sourcecode.c.h; path = ResponderTableView.h; sourceTree = "<group>"; };
		594767051FDAC83200A9B56B /* ResponderTableView.m */ = {isa = PBXFileReference; lastKnownFileType = sourcecode.c.objc; path = ResponderTableView.m; sourceTree = "<group>"; };
		5953AD781FE2A8F600BF37B2 /* CoreData.framework */ = {isa = PBXFileReference; lastKnownFileType = wrapper.framework; name = CoreData.framework; path = System/Library/Frameworks/CoreData.framework; sourceTree = SDKROOT; };
		5953AD881FE2B12300BF37B2 /* CoreDataManager.h */ = {isa = PBXFileReference; lastKnownFileType = sourcecode.c.h; path = CoreDataManager.h; sourceTree = "<group>"; };
		5953AD891FE2B12300BF37B2 /* CoreDataManager.m */ = {isa = PBXFileReference; lastKnownFileType = sourcecode.c.objc; path = CoreDataManager.m; sourceTree = "<group>"; };
		5953AD8D1FE2B66E00BF37B2 /* Repository.h */ = {isa = PBXFileReference; lastKnownFileType = sourcecode.c.h; path = Repository.h; sourceTree = "<group>"; };
		5953AD8E1FE2B9C000BF37B2 /* Storable.h */ = {isa = PBXFileReference; lastKnownFileType = sourcecode.c.h; path = Storable.h; sourceTree = "<group>"; };
		5953AD921FE2C88F00BF37B2 /* BaseRepository.h */ = {isa = PBXFileReference; lastKnownFileType = sourcecode.c.h; path = BaseRepository.h; sourceTree = "<group>"; };
		5953AD931FE2C88F00BF37B2 /* BaseRepository.m */ = {isa = PBXFileReference; lastKnownFileType = sourcecode.c.objc; path = BaseRepository.m; sourceTree = "<group>"; };
		5953AD971FE2D46E00BF37B2 /* CountryRepository.h */ = {isa = PBXFileReference; lastKnownFileType = sourcecode.c.h; path = CountryRepository.h; sourceTree = "<group>"; };
		5953AD981FE2D46E00BF37B2 /* CountryRepository.m */ = {isa = PBXFileReference; lastKnownFileType = sourcecode.c.objc; path = CountryRepository.m; sourceTree = "<group>"; };
		5953ADA01FE2E3FD00BF37B2 /* CountryManaged+CoreDataProperties.h */ = {isa = PBXFileReference; lastKnownFileType = sourcecode.c.h; path = "CountryManaged+CoreDataProperties.h"; sourceTree = "<group>"; };
		5953ADA11FE2E3FD00BF37B2 /* CountryManaged+CoreDataClass.h */ = {isa = PBXFileReference; lastKnownFileType = sourcecode.c.h; path = "CountryManaged+CoreDataClass.h"; sourceTree = "<group>"; };
		5953ADA21FE2E3FD00BF37B2 /* CountryManaged+CoreDataClass.m */ = {isa = PBXFileReference; lastKnownFileType = sourcecode.c.objc; path = "CountryManaged+CoreDataClass.m"; sourceTree = "<group>"; };
		5953ADA31FE2E3FD00BF37B2 /* CountryManaged+CoreDataProperties.m */ = {isa = PBXFileReference; lastKnownFileType = sourcecode.c.objc; path = "CountryManaged+CoreDataProperties.m"; sourceTree = "<group>"; };
		597C48BA1FEC09AE009AD84C /* CountryDetailsViewControllerTest.m */ = {isa = PBXFileReference; lastKnownFileType = sourcecode.c.objc; path = CountryDetailsViewControllerTest.m; sourceTree = "<group>"; };
		597C48BC1FEC1695009AD84C /* OCMock.framework */ = {isa = PBXFileReference; lastKnownFileType = wrapper.framework; path = OCMock.framework; sourceTree = "<group>"; };
		5991FC801FD6D70C00250D78 /* CountryDetailsViewController.h */ = {isa = PBXFileReference; lastKnownFileType = sourcecode.c.h; path = CountryDetailsViewController.h; sourceTree = "<group>"; };
		5991FC811FD6D70C00250D78 /* CountryDetailsViewController.m */ = {isa = PBXFileReference; lastKnownFileType = sourcecode.c.objc; path = CountryDetailsViewController.m; sourceTree = "<group>"; };
		59956A591FED52D00083298D /* ImageDownloaderTest.m */ = {isa = PBXFileReference; lastKnownFileType = sourcecode.c.objc; path = ImageDownloaderTest.m; sourceTree = "<group>"; };
		5998F3361FCDA71700E88012 /* FlatstackTask.app */ = {isa = PBXFileReference; explicitFileType = wrapper.application; includeInIndex = 0; path = FlatstackTask.app; sourceTree = BUILT_PRODUCTS_DIR; };
		5998F3391FCDA71700E88012 /* AppDelegate.h */ = {isa = PBXFileReference; lastKnownFileType = sourcecode.c.h; path = AppDelegate.h; sourceTree = "<group>"; };
		5998F33A1FCDA71700E88012 /* AppDelegate.m */ = {isa = PBXFileReference; lastKnownFileType = sourcecode.c.objc; path = AppDelegate.m; sourceTree = "<group>"; };
		5998F3401FCDA71700E88012 /* Base */ = {isa = PBXFileReference; lastKnownFileType = file.storyboard; name = Base; path = Base.lproj/Main.storyboard; sourceTree = "<group>"; };
		5998F3431FCDA71700E88012 /* FlatstackTask.xcdatamodel */ = {isa = PBXFileReference; lastKnownFileType = wrapper.xcdatamodel; path = FlatstackTask.xcdatamodel; sourceTree = "<group>"; };
		5998F3451FCDA71700E88012 /* Assets.xcassets */ = {isa = PBXFileReference; lastKnownFileType = folder.assetcatalog; path = Assets.xcassets; sourceTree = "<group>"; };
		5998F3481FCDA71700E88012 /* Base */ = {isa = PBXFileReference; lastKnownFileType = file.storyboard; name = Base; path = Base.lproj/LaunchScreen.storyboard; sourceTree = "<group>"; };
		5998F34A1FCDA71700E88012 /* Info.plist */ = {isa = PBXFileReference; lastKnownFileType = text.plist.xml; path = Info.plist; sourceTree = "<group>"; };
		5998F34B1FCDA71700E88012 /* main.m */ = {isa = PBXFileReference; lastKnownFileType = sourcecode.c.objc; path = main.m; sourceTree = "<group>"; };
		5998F3511FCDA71700E88012 /* FlatstackTaskTests.xctest */ = {isa = PBXFileReference; explicitFileType = wrapper.cfbundle; includeInIndex = 0; path = FlatstackTaskTests.xctest; sourceTree = BUILT_PRODUCTS_DIR; };
		5998F3551FCDA71700E88012 /* CountryTableViewControllerTest.m */ = {isa = PBXFileReference; lastKnownFileType = sourcecode.c.objc; path = CountryTableViewControllerTest.m; sourceTree = "<group>"; };
		5998F3571FCDA71700E88012 /* Info.plist */ = {isa = PBXFileReference; lastKnownFileType = text.plist.xml; path = Info.plist; sourceTree = "<group>"; };
		5998F35C1FCDA71700E88012 /* FlatstackTaskUITests.xctest */ = {isa = PBXFileReference; explicitFileType = wrapper.cfbundle; includeInIndex = 0; path = FlatstackTaskUITests.xctest; sourceTree = BUILT_PRODUCTS_DIR; };
		5998F3601FCDA71700E88012 /* FlatstackTaskUITests.m */ = {isa = PBXFileReference; lastKnownFileType = sourcecode.c.objc; path = FlatstackTaskUITests.m; sourceTree = "<group>"; };
		5998F3621FCDA71700E88012 /* Info.plist */ = {isa = PBXFileReference; lastKnownFileType = text.plist.xml; path = Info.plist; sourceTree = "<group>"; };
		5998F3721FCDA79200E88012 /* CountryTableViewController.h */ = {isa = PBXFileReference; lastKnownFileType = sourcecode.c.h; path = CountryTableViewController.h; sourceTree = "<group>"; };
		5998F3731FCDA79200E88012 /* CountryTableViewController.m */ = {isa = PBXFileReference; lastKnownFileType = sourcecode.c.objc; path = CountryTableViewController.m; sourceTree = "<group>"; };
		5998F3751FCDA7FB00E88012 /* Country.h */ = {isa = PBXFileReference; lastKnownFileType = sourcecode.c.h; path = Country.h; sourceTree = "<group>"; };
		5998F3761FCDA7FB00E88012 /* Country.m */ = {isa = PBXFileReference; lastKnownFileType = sourcecode.c.objc; path = Country.m; sourceTree = "<group>"; };
		5998F3781FCDAC6000E88012 /* CountryTableViewCell.h */ = {isa = PBXFileReference; lastKnownFileType = sourcecode.c.h; path = CountryTableViewCell.h; sourceTree = "<group>"; };
		5998F3791FCDAC6000E88012 /* CountryTableViewCell.m */ = {isa = PBXFileReference; lastKnownFileType = sourcecode.c.objc; path = CountryTableViewCell.m; sourceTree = "<group>"; };
		5998F37A1FCDAC6000E88012 /* CountryTableViewCell.xib */ = {isa = PBXFileReference; lastKnownFileType = file.xib; path = CountryTableViewCell.xib; sourceTree = "<group>"; };
		5998F37E1FCDC1F500E88012 /* CountryCommunicatorDelegate.h */ = {isa = PBXFileReference; lastKnownFileType = sourcecode.c.h; path = CountryCommunicatorDelegate.h; sourceTree = "<group>"; };
		5998F3851FCDC97D00E88012 /* CountryManagerDelegate.h */ = {isa = PBXFileReference; lastKnownFileType = sourcecode.c.h; path = CountryManagerDelegate.h; sourceTree = "<group>"; };
		5998F38C1FD02A4E00E88012 /* Request.h */ = {isa = PBXFileReference; lastKnownFileType = sourcecode.c.h; path = Request.h; sourceTree = "<group>"; };
		5998F38D1FD031C700E88012 /* LoadCountryRequest.h */ = {isa = PBXFileReference; lastKnownFileType = sourcecode.c.h; path = LoadCountryRequest.h; sourceTree = "<group>"; };
		5998F38E1FD031C700E88012 /* LoadCountryRequest.m */ = {isa = PBXFileReference; lastKnownFileType = sourcecode.c.objc; path = LoadCountryRequest.m; sourceTree = "<group>"; };
		5998F3911FD0369A00E88012 /* Constants.h */ = {isa = PBXFileReference; lastKnownFileType = sourcecode.c.h; path = Constants.h; sourceTree = "<group>"; };
		5998F3941FD0379B00E88012 /* ApiProvider.h */ = {isa = PBXFileReference; lastKnownFileType = sourcecode.c.h; path = ApiProvider.h; sourceTree = "<group>"; };
		5998F3951FD0379B00E88012 /* ApiProvider.m */ = {isa = PBXFileReference; lastKnownFileType = sourcecode.c.objc; path = ApiProvider.m; sourceTree = "<group>"; };
		5998F39B1FD0449E00E88012 /* CountryParser.h */ = {isa = PBXFileReference; lastKnownFileType = sourcecode.c.h; path = CountryParser.h; sourceTree = "<group>"; };
		5998F39C1FD0449E00E88012 /* CountryParser.m */ = {isa = PBXFileReference; lastKnownFileType = sourcecode.c.objc; path = CountryParser.m; sourceTree = "<group>"; };
		5998F39E1FD061E600E88012 /* ImageDownloader.h */ = {isa = PBXFileReference; lastKnownFileType = sourcecode.c.h; path = ImageDownloader.h; sourceTree = "<group>"; };
		5998F39F1FD061E600E88012 /* ImageDownloader.m */ = {isa = PBXFileReference; lastKnownFileType = sourcecode.c.objc; path = ImageDownloader.m; sourceTree = "<group>"; };
		59C8B5E01FD1947D0015CB34 /* CountryInfoTableViewCell.h */ = {isa = PBXFileReference; lastKnownFileType = sourcecode.c.h; path = CountryInfoTableViewCell.h; sourceTree = "<group>"; };
		59C8B5E11FD1947D0015CB34 /* CountryInfoTableViewCell.m */ = {isa = PBXFileReference; lastKnownFileType = sourcecode.c.objc; path = CountryInfoTableViewCell.m; sourceTree = "<group>"; };
		59C8B5E21FD1947D0015CB34 /* CountryInfoTableViewCell.xib */ = {isa = PBXFileReference; lastKnownFileType = file.xib; path = CountryInfoTableViewCell.xib; sourceTree = "<group>"; };
		59C8B5E61FD195D60015CB34 /* CountryAboutTableViewCell.h */ = {isa = PBXFileReference; lastKnownFileType = sourcecode.c.h; path = CountryAboutTableViewCell.h; sourceTree = "<group>"; };
		59C8B5E71FD195D60015CB34 /* CountryAboutTableViewCell.m */ = {isa = PBXFileReference; lastKnownFileType = sourcecode.c.objc; path = CountryAboutTableViewCell.m; sourceTree = "<group>"; };
		59C8B5E81FD195D60015CB34 /* CountryAboutTableViewCell.xib */ = {isa = PBXFileReference; lastKnownFileType = file.xib; path = CountryAboutTableViewCell.xib; sourceTree = "<group>"; };
		59C8B5EC1FD1975B0015CB34 /* CountryImagesCollectionViewCell.h */ = {isa = PBXFileReference; lastKnownFileType = sourcecode.c.h; path = CountryImagesCollectionViewCell.h; sourceTree = "<group>"; };
		59C8B5ED1FD1975B0015CB34 /* CountryImagesCollectionViewCell.m */ = {isa = PBXFileReference; lastKnownFileType = sourcecode.c.objc; path = CountryImagesCollectionViewCell.m; sourceTree = "<group>"; };
		59C8B5EE1FD1975B0015CB34 /* CountryImagesCollectionViewCell.xib */ = {isa = PBXFileReference; lastKnownFileType = file.xib; path = CountryImagesCollectionViewCell.xib; sourceTree = "<group>"; };
		82AC836D9EA67AE1C644EFA4 /* Pods-FlatstackTaskUITests.release.xcconfig */ = {isa = PBXFileReference; includeInIndex = 1; lastKnownFileType = text.xcconfig; name = "Pods-FlatstackTaskUITests.release.xcconfig"; path = "Pods/Target Support Files/Pods-FlatstackTaskUITests/Pods-FlatstackTaskUITests.release.xcconfig"; sourceTree = "<group>"; };
		BF57791604D29CF5D3A3B635 /* Pods-FlatstackTask.release.xcconfig */ = {isa = PBXFileReference; includeInIndex = 1; lastKnownFileType = text.xcconfig; name = "Pods-FlatstackTask.release.xcconfig"; path = "Pods/Target Support Files/Pods-FlatstackTask/Pods-FlatstackTask.release.xcconfig"; sourceTree = "<group>"; };
		D2D7EB7C65DC9CD2F615A043 /* libPods-FlatstackTaskUITests.a */ = {isa = PBXFileReference; explicitFileType = archive.ar; includeInIndex = 0; path = "libPods-FlatstackTaskUITests.a"; sourceTree = BUILT_PRODUCTS_DIR; };
		D9DAC78F1AE019B26A8A8CE1 /* Pods-FlatstackTaskUITests.debug.xcconfig */ = {isa = PBXFileReference; includeInIndex = 1; lastKnownFileType = text.xcconfig; name = "Pods-FlatstackTaskUITests.debug.xcconfig"; path = "Pods/Target Support Files/Pods-FlatstackTaskUITests/Pods-FlatstackTaskUITests.debug.xcconfig"; sourceTree = "<group>"; };
		DCFA226B919BA4770EB1DEF9 /* Pods-FlatstackTaskTests.release.xcconfig */ = {isa = PBXFileReference; includeInIndex = 1; lastKnownFileType = text.xcconfig; name = "Pods-FlatstackTaskTests.release.xcconfig"; path = "Pods/Target Support Files/Pods-FlatstackTaskTests/Pods-FlatstackTaskTests.release.xcconfig"; sourceTree = "<group>"; };
/* End PBXFileReference section */

/* Begin PBXFrameworksBuildPhase section */
		5998F3331FCDA71700E88012 /* Frameworks */ = {
			isa = PBXFrameworksBuildPhase;
			buildActionMask = 2147483647;
			files = (
				C4772F725A31FCD8FFF8F312 /* libPods-FlatstackTask.a in Frameworks */,
			);
			runOnlyForDeploymentPostprocessing = 0;
		};
		5998F34E1FCDA71700E88012 /* Frameworks */ = {
			isa = PBXFrameworksBuildPhase;
			buildActionMask = 2147483647;
			files = (
				AF54F36F2F1A8E37783658AC /* libPods-FlatstackTaskTests.a in Frameworks */,
			);
			runOnlyForDeploymentPostprocessing = 0;
		};
		5998F3591FCDA71700E88012 /* Frameworks */ = {
			isa = PBXFrameworksBuildPhase;
			buildActionMask = 2147483647;
			files = (
				7060C0EF156F4E1CD3137C1B /* libPods-FlatstackTaskUITests.a in Frameworks */,
			);
			runOnlyForDeploymentPostprocessing = 0;
		};
/* End PBXFrameworksBuildPhase section */

/* Begin PBXGroup section */
		5953AD801FE2B02600BF37B2 /* CoreData */ = {
			isa = PBXGroup;
			children = (
				5953ADA01FE2E3FD00BF37B2 /* CountryManaged+CoreDataProperties.h */,
				5953ADA11FE2E3FD00BF37B2 /* CountryManaged+CoreDataClass.h */,
				5953ADA21FE2E3FD00BF37B2 /* CountryManaged+CoreDataClass.m */,
				5953ADA31FE2E3FD00BF37B2 /* CountryManaged+CoreDataProperties.m */,
			);
			path = CoreData;
			sourceTree = "<group>";
		};
		5953AD871FE2B10400BF37B2 /* CoreData */ = {
			isa = PBXGroup;
			children = (
				5953AD881FE2B12300BF37B2 /* CoreDataManager.h */,
				5953AD891FE2B12300BF37B2 /* CoreDataManager.m */,
			);
			path = CoreData;
			sourceTree = "<group>";
		};
		5953AD8B1FE2B5C200BF37B2 /* Repositories */ = {
			isa = PBXGroup;
			children = (
				5953AD961FE2D45500BF37B2 /* CountryRepository */,
				5953AD951FE2D44A00BF37B2 /* BaseRepository */,
				5953AD8D1FE2B66E00BF37B2 /* Repository.h */,
			);
			path = Repositories;
			sourceTree = "<group>";
		};
		5953AD951FE2D44A00BF37B2 /* BaseRepository */ = {
			isa = PBXGroup;
			children = (
				5953AD921FE2C88F00BF37B2 /* BaseRepository.h */,
				5953AD931FE2C88F00BF37B2 /* BaseRepository.m */,
			);
			path = BaseRepository;
			sourceTree = "<group>";
		};
		5953AD961FE2D45500BF37B2 /* CountryRepository */ = {
			isa = PBXGroup;
			children = (
				5953AD971FE2D46E00BF37B2 /* CountryRepository.h */,
				5953AD981FE2D46E00BF37B2 /* CountryRepository.m */,
			);
			path = CountryRepository;
			sourceTree = "<group>";
		};
		5998F32D1FCDA71700E88012 = {
			isa = PBXGroup;
			children = (
				5998F3381FCDA71700E88012 /* FlatstackTask */,
				5998F3541FCDA71700E88012 /* FlatstackTaskTests */,
				5998F35F1FCDA71700E88012 /* FlatstackTaskUITests */,
				5998F3371FCDA71700E88012 /* Products */,
				59C8B5D11FD17BEE0015CB34 /* Frameworks */,
				8C067F2FCE96DB387E4C6886 /* Pods */,
			);
			sourceTree = "<group>";
		};
		5998F3371FCDA71700E88012 /* Products */ = {
			isa = PBXGroup;
			children = (
				5998F3361FCDA71700E88012 /* FlatstackTask.app */,
				5998F3511FCDA71700E88012 /* FlatstackTaskTests.xctest */,
				5998F35C1FCDA71700E88012 /* FlatstackTaskUITests.xctest */,
			);
			name = Products;
			sourceTree = "<group>";
		};
		5998F3381FCDA71700E88012 /* FlatstackTask */ = {
			isa = PBXGroup;
			children = (
				5998F38A1FD02A3000E88012 /* Managers */,
				5998F3891FD023ED00E88012 /* Utils */,
				5998F37D1FCDC1BC00E88012 /* Protocols */,
				5998F3711FCDA76E00E88012 /* Supporting Files */,
				5998F3701FCDA76700E88012 /* Controllers */,
				5998F36F1FCDA76000E88012 /* Views */,
				5998F36E1FCDA75A00E88012 /* Models */,
			);
			path = FlatstackTask;
			sourceTree = "<group>";
		};
		5998F3541FCDA71700E88012 /* FlatstackTaskTests */ = {
			isa = PBXGroup;
			children = (
				5998F3551FCDA71700E88012 /* CountryTableViewControllerTest.m */,
				597C48BA1FEC09AE009AD84C /* CountryDetailsViewControllerTest.m */,
				59956A591FED52D00083298D /* ImageDownloaderTest.m */,
				5998F3571FCDA71700E88012 /* Info.plist */,
			);
			path = FlatstackTaskTests;
			sourceTree = "<group>";
		};
		5998F35F1FCDA71700E88012 /* FlatstackTaskUITests */ = {
			isa = PBXGroup;
			children = (
				5998F3601FCDA71700E88012 /* FlatstackTaskUITests.m */,
				5998F3621FCDA71700E88012 /* Info.plist */,
			);
			path = FlatstackTaskUITests;
			sourceTree = "<group>";
		};
		5998F36E1FCDA75A00E88012 /* Models */ = {
			isa = PBXGroup;
			children = (
				5953AD801FE2B02600BF37B2 /* CoreData */,
				5998F3751FCDA7FB00E88012 /* Country.h */,
				5998F3761FCDA7FB00E88012 /* Country.m */,
			);
			path = Models;
			sourceTree = "<group>";
		};
		5998F36F1FCDA76000E88012 /* Views */ = {
			isa = PBXGroup;
			children = (
				59C8B5EB1FD197360015CB34 /* Country Images */,
				59C8B5E51FD195BE0015CB34 /* Country Ablout */,
				59C8B5DE1FD194430015CB34 /* Country Info */,
				59C8B5DF1FD194510015CB34 /* Country Main */,
				594767041FDAC83200A9B56B /* ResponderTableView.h */,
				594767051FDAC83200A9B56B /* ResponderTableView.m */,
			);
			path = Views;
			sourceTree = "<group>";
		};
		5998F3701FCDA76700E88012 /* Controllers */ = {
			isa = PBXGroup;
			children = (
				5998F3721FCDA79200E88012 /* CountryTableViewController.h */,
				5998F3731FCDA79200E88012 /* CountryTableViewController.m */,
				5991FC801FD6D70C00250D78 /* CountryDetailsViewController.h */,
				5991FC811FD6D70C00250D78 /* CountryDetailsViewController.m */,
			);
			path = Controllers;
			sourceTree = "<group>";
		};
		5998F3711FCDA76E00E88012 /* Supporting Files */ = {
			isa = PBXGroup;
			children = (
				5998F3391FCDA71700E88012 /* AppDelegate.h */,
				5998F33A1FCDA71700E88012 /* AppDelegate.m */,
				5998F33F1FCDA71700E88012 /* Main.storyboard */,
				5998F3451FCDA71700E88012 /* Assets.xcassets */,
				5998F3471FCDA71700E88012 /* LaunchScreen.storyboard */,
				5998F34A1FCDA71700E88012 /* Info.plist */,
				5998F34B1FCDA71700E88012 /* main.m */,
				5998F3421FCDA71700E88012 /* FlatstackTask.xcdatamodeld */,
			);
			path = "Supporting Files";
			sourceTree = "<group>";
		};
		5998F37D1FCDC1BC00E88012 /* Protocols */ = {
			isa = PBXGroup;
			children = (
				5998F37E1FCDC1F500E88012 /* CountryCommunicatorDelegate.h */,
				5998F3851FCDC97D00E88012 /* CountryManagerDelegate.h */,
				5953AD8E1FE2B9C000BF37B2 /* Storable.h */,
			);
			path = Protocols;
			sourceTree = "<group>";
		};
		5998F3891FD023ED00E88012 /* Utils */ = {
			isa = PBXGroup;
			children = (
				5998F3911FD0369A00E88012 /* Constants.h */,
				5998F39E1FD061E600E88012 /* ImageDownloader.h */,
				5998F39F1FD061E600E88012 /* ImageDownloader.m */,
			);
			path = Utils;
			sourceTree = "<group>";
		};
		5998F38A1FD02A3000E88012 /* Managers */ = {
			isa = PBXGroup;
			children = (
				5953AD8B1FE2B5C200BF37B2 /* Repositories */,
				5953AD871FE2B10400BF37B2 /* CoreData */,
				5998F39A1FD0448700E88012 /* Parsers */,
				5998F3921FD0375A00E88012 /* Providers */,
				5998F38B1FD02A3800E88012 /* Requests */,
			);
			path = Managers;
			sourceTree = "<group>";
		};
		5998F38B1FD02A3800E88012 /* Requests */ = {
			isa = PBXGroup;
			children = (
				5998F38C1FD02A4E00E88012 /* Request.h */,
				5998F3901FD0358900E88012 /* LoadCountry */,
			);
			path = Requests;
			sourceTree = "<group>";
		};
		5998F3901FD0358900E88012 /* LoadCountry */ = {
			isa = PBXGroup;
			children = (
				5998F38D1FD031C700E88012 /* LoadCountryRequest.h */,
				5998F38E1FD031C700E88012 /* LoadCountryRequest.m */,
			);
			path = LoadCountry;
			sourceTree = "<group>";
		};
		5998F3921FD0375A00E88012 /* Providers */ = {
			isa = PBXGroup;
			children = (
				5998F3941FD0379B00E88012 /* ApiProvider.h */,
				5998F3951FD0379B00E88012 /* ApiProvider.m */,
			);
			path = Providers;
			sourceTree = "<group>";
		};
		5998F39A1FD0448700E88012 /* Parsers */ = {
			isa = PBXGroup;
			children = (
				5998F39B1FD0449E00E88012 /* CountryParser.h */,
				5998F39C1FD0449E00E88012 /* CountryParser.m */,
			);
			path = Parsers;
			sourceTree = "<group>";
		};
		59C8B5D11FD17BEE0015CB34 /* Frameworks */ = {
			isa = PBXGroup;
			children = (
				597C48BC1FEC1695009AD84C /* OCMock.framework */,
				5953AD781FE2A8F600BF37B2 /* CoreData.framework */,
				3E655F704D9207B8BA523714 /* libPods-FlatstackTask.a */,
				17AA283493DB6F4B94298430 /* libPods-FlatstackTaskTests.a */,
				D2D7EB7C65DC9CD2F615A043 /* libPods-FlatstackTaskUITests.a */,
			);
			name = Frameworks;
			sourceTree = "<group>";
		};
		59C8B5DE1FD194430015CB34 /* Country Info */ = {
			isa = PBXGroup;
			children = (
				59C8B5E01FD1947D0015CB34 /* CountryInfoTableViewCell.h */,
				59C8B5E11FD1947D0015CB34 /* CountryInfoTableViewCell.m */,
				59C8B5E21FD1947D0015CB34 /* CountryInfoTableViewCell.xib */,
			);
			path = "Country Info";
			sourceTree = "<group>";
		};
		59C8B5DF1FD194510015CB34 /* Country Main */ = {
			isa = PBXGroup;
			children = (
				5998F3781FCDAC6000E88012 /* CountryTableViewCell.h */,
				5998F3791FCDAC6000E88012 /* CountryTableViewCell.m */,
				5998F37A1FCDAC6000E88012 /* CountryTableViewCell.xib */,
			);
			path = "Country Main";
			sourceTree = "<group>";
		};
		59C8B5E51FD195BE0015CB34 /* Country Ablout */ = {
			isa = PBXGroup;
			children = (
				59C8B5E61FD195D60015CB34 /* CountryAboutTableViewCell.h */,
				59C8B5E71FD195D60015CB34 /* CountryAboutTableViewCell.m */,
				59C8B5E81FD195D60015CB34 /* CountryAboutTableViewCell.xib */,
			);
			path = "Country Ablout";
			sourceTree = "<group>";
		};
		59C8B5EB1FD197360015CB34 /* Country Images */ = {
			isa = PBXGroup;
			children = (
				59C8B5EC1FD1975B0015CB34 /* CountryImagesCollectionViewCell.h */,
				59C8B5ED1FD1975B0015CB34 /* CountryImagesCollectionViewCell.m */,
				59C8B5EE1FD1975B0015CB34 /* CountryImagesCollectionViewCell.xib */,
			);
			path = "Country Images";
			sourceTree = "<group>";
		};
		8C067F2FCE96DB387E4C6886 /* Pods */ = {
			isa = PBXGroup;
			children = (
				4A37B0A8DAF971D20C28D828 /* Pods-FlatstackTask.debug.xcconfig */,
				BF57791604D29CF5D3A3B635 /* Pods-FlatstackTask.release.xcconfig */,
				0ACAF55E5F4CF43F4CBBA6A3 /* Pods-FlatstackTaskTests.debug.xcconfig */,
				DCFA226B919BA4770EB1DEF9 /* Pods-FlatstackTaskTests.release.xcconfig */,
				D9DAC78F1AE019B26A8A8CE1 /* Pods-FlatstackTaskUITests.debug.xcconfig */,
				82AC836D9EA67AE1C644EFA4 /* Pods-FlatstackTaskUITests.release.xcconfig */,
			);
			name = Pods;
			sourceTree = "<group>";
		};
/* End PBXGroup section */

/* Begin PBXNativeTarget section */
		5998F3351FCDA71700E88012 /* FlatstackTask */ = {
			isa = PBXNativeTarget;
			buildConfigurationList = 5998F3651FCDA71700E88012 /* Build configuration list for PBXNativeTarget "FlatstackTask" */;
			buildPhases = (
				30C21502CC8961CFB45A660F /* [CP] Check Pods Manifest.lock */,
				5998F3321FCDA71700E88012 /* Sources */,
				5998F3331FCDA71700E88012 /* Frameworks */,
				5998F3341FCDA71700E88012 /* Resources */,
				F19B779D85CAF5B19F30C7EC /* [CP] Embed Pods Frameworks */,
				0ABF6B6320BA22C2A25C25E3 /* [CP] Copy Pods Resources */,
			);
			buildRules = (
			);
			dependencies = (
			);
			name = FlatstackTask;
			productName = FlatstackTask;
			productReference = 5998F3361FCDA71700E88012 /* FlatstackTask.app */;
			productType = "com.apple.product-type.application";
		};
		5998F3501FCDA71700E88012 /* FlatstackTaskTests */ = {
			isa = PBXNativeTarget;
			buildConfigurationList = 5998F3681FCDA71700E88012 /* Build configuration list for PBXNativeTarget "FlatstackTaskTests" */;
			buildPhases = (
				B9BE18A3BE7F7587043599E2 /* [CP] Check Pods Manifest.lock */,
				5998F34D1FCDA71700E88012 /* Sources */,
				5998F34E1FCDA71700E88012 /* Frameworks */,
				5998F34F1FCDA71700E88012 /* Resources */,
				38F2D4F5BDB19C90ED202331 /* [CP] Embed Pods Frameworks */,
				143ED358CC0308CB713D79DD /* [CP] Copy Pods Resources */,
			);
			buildRules = (
			);
			dependencies = (
				5998F3531FCDA71700E88012 /* PBXTargetDependency */,
			);
			name = FlatstackTaskTests;
			productName = FlatstackTaskTests;
			productReference = 5998F3511FCDA71700E88012 /* FlatstackTaskTests.xctest */;
			productType = "com.apple.product-type.bundle.unit-test";
		};
		5998F35B1FCDA71700E88012 /* FlatstackTaskUITests */ = {
			isa = PBXNativeTarget;
			buildConfigurationList = 5998F36B1FCDA71700E88012 /* Build configuration list for PBXNativeTarget "FlatstackTaskUITests" */;
			buildPhases = (
				783D810D175FE025093E7828 /* [CP] Check Pods Manifest.lock */,
				5998F3581FCDA71700E88012 /* Sources */,
				5998F3591FCDA71700E88012 /* Frameworks */,
				5998F35A1FCDA71700E88012 /* Resources */,
				1895924CACA4EDF12DC1989C /* [CP] Embed Pods Frameworks */,
				EA0AF478A6F29C390F00D0E0 /* [CP] Copy Pods Resources */,
			);
			buildRules = (
			);
			dependencies = (
				5998F35E1FCDA71700E88012 /* PBXTargetDependency */,
			);
			name = FlatstackTaskUITests;
			productName = FlatstackTaskUITests;
			productReference = 5998F35C1FCDA71700E88012 /* FlatstackTaskUITests.xctest */;
			productType = "com.apple.product-type.bundle.ui-testing";
		};
/* End PBXNativeTarget section */

/* Begin PBXProject section */
		5998F32E1FCDA71700E88012 /* Project object */ = {
			isa = PBXProject;
			attributes = {
				LastUpgradeCheck = 0900;
				ORGANIZATIONNAME = Flatstack;
				TargetAttributes = {
					5998F3351FCDA71700E88012 = {
						CreatedOnToolsVersion = 9.0.1;
						ProvisioningStyle = Automatic;
					};
					5998F3501FCDA71700E88012 = {
						CreatedOnToolsVersion = 9.0.1;
						ProvisioningStyle = Automatic;
						TestTargetID = 5998F3351FCDA71700E88012;
					};
					5998F35B1FCDA71700E88012 = {
						CreatedOnToolsVersion = 9.0.1;
						ProvisioningStyle = Automatic;
						TestTargetID = 5998F3351FCDA71700E88012;
					};
				};
			};
			buildConfigurationList = 5998F3311FCDA71700E88012 /* Build configuration list for PBXProject "FlatstackTask" */;
			compatibilityVersion = "Xcode 8.0";
			developmentRegion = en;
			hasScannedForEncodings = 0;
			knownRegions = (
				en,
				Base,
			);
			mainGroup = 5998F32D1FCDA71700E88012;
			productRefGroup = 5998F3371FCDA71700E88012 /* Products */;
			projectDirPath = "";
			projectRoot = "";
			targets = (
				5998F3351FCDA71700E88012 /* FlatstackTask */,
				5998F3501FCDA71700E88012 /* FlatstackTaskTests */,
				5998F35B1FCDA71700E88012 /* FlatstackTaskUITests */,
			);
		};
/* End PBXProject section */

/* Begin PBXResourcesBuildPhase section */
		5998F3341FCDA71700E88012 /* Resources */ = {
			isa = PBXResourcesBuildPhase;
			buildActionMask = 2147483647;
			files = (
				59C8B5F01FD1975B0015CB34 /* CountryImagesCollectionViewCell.xib in Resources */,
				5998F37C1FCDAC6000E88012 /* CountryTableViewCell.xib in Resources */,
				5998F3491FCDA71700E88012 /* LaunchScreen.storyboard in Resources */,
				59C8B5EA1FD195D60015CB34 /* CountryAboutTableViewCell.xib in Resources */,
				5998F3461FCDA71700E88012 /* Assets.xcassets in Resources */,
				59C8B5E41FD1947D0015CB34 /* CountryInfoTableViewCell.xib in Resources */,
				5998F3411FCDA71700E88012 /* Main.storyboard in Resources */,
			);
			runOnlyForDeploymentPostprocessing = 0;
		};
		5998F34F1FCDA71700E88012 /* Resources */ = {
			isa = PBXResourcesBuildPhase;
			buildActionMask = 2147483647;
			files = (
			);
			runOnlyForDeploymentPostprocessing = 0;
		};
		5998F35A1FCDA71700E88012 /* Resources */ = {
			isa = PBXResourcesBuildPhase;
			buildActionMask = 2147483647;
			files = (
			);
			runOnlyForDeploymentPostprocessing = 0;
		};
/* End PBXResourcesBuildPhase section */

/* Begin PBXShellScriptBuildPhase section */
		0ABF6B6320BA22C2A25C25E3 /* [CP] Copy Pods Resources */ = {
			isa = PBXShellScriptBuildPhase;
			buildActionMask = 2147483647;
			files = (
			);
			inputPaths = (
			);
			name = "[CP] Copy Pods Resources";
			outputPaths = (
			);
			runOnlyForDeploymentPostprocessing = 0;
			shellPath = /bin/sh;
			shellScript = "\"${SRCROOT}/Pods/Target Support Files/Pods-FlatstackTask/Pods-FlatstackTask-resources.sh\"\n";
			showEnvVarsInLog = 0;
		};
		143ED358CC0308CB713D79DD /* [CP] Copy Pods Resources */ = {
			isa = PBXShellScriptBuildPhase;
			buildActionMask = 2147483647;
			files = (
			);
			inputPaths = (
			);
			name = "[CP] Copy Pods Resources";
			outputPaths = (
			);
			runOnlyForDeploymentPostprocessing = 0;
			shellPath = /bin/sh;
			shellScript = "\"${SRCROOT}/Pods/Target Support Files/Pods-FlatstackTaskTests/Pods-FlatstackTaskTests-resources.sh\"\n";
			showEnvVarsInLog = 0;
		};
		1895924CACA4EDF12DC1989C /* [CP] Embed Pods Frameworks */ = {
			isa = PBXShellScriptBuildPhase;
			buildActionMask = 2147483647;
			files = (
			);
			inputPaths = (
			);
			name = "[CP] Embed Pods Frameworks";
			outputPaths = (
			);
			runOnlyForDeploymentPostprocessing = 0;
			shellPath = /bin/sh;
			shellScript = "\"${SRCROOT}/Pods/Target Support Files/Pods-FlatstackTaskUITests/Pods-FlatstackTaskUITests-frameworks.sh\"\n";
			showEnvVarsInLog = 0;
		};
		30C21502CC8961CFB45A660F /* [CP] Check Pods Manifest.lock */ = {
			isa = PBXShellScriptBuildPhase;
			buildActionMask = 2147483647;
			files = (
			);
			inputPaths = (
				"${PODS_PODFILE_DIR_PATH}/Podfile.lock",
				"${PODS_ROOT}/Manifest.lock",
			);
			name = "[CP] Check Pods Manifest.lock";
			outputPaths = (
				"$(DERIVED_FILE_DIR)/Pods-FlatstackTask-checkManifestLockResult.txt",
			);
			runOnlyForDeploymentPostprocessing = 0;
			shellPath = /bin/sh;
			shellScript = "diff \"${PODS_PODFILE_DIR_PATH}/Podfile.lock\" \"${PODS_ROOT}/Manifest.lock\" > /dev/null\nif [ $? != 0 ] ; then\n    # print error to STDERR\n    echo \"error: The sandbox is not in sync with the Podfile.lock. Run 'pod install' or update your CocoaPods installation.\" >&2\n    exit 1\nfi\n# This output is used by Xcode 'outputs' to avoid re-running this script phase.\necho \"SUCCESS\" > \"${SCRIPT_OUTPUT_FILE_0}\"\n";
			showEnvVarsInLog = 0;
		};
		38F2D4F5BDB19C90ED202331 /* [CP] Embed Pods Frameworks */ = {
			isa = PBXShellScriptBuildPhase;
			buildActionMask = 2147483647;
			files = (
			);
			inputPaths = (
			);
			name = "[CP] Embed Pods Frameworks";
			outputPaths = (
			);
			runOnlyForDeploymentPostprocessing = 0;
			shellPath = /bin/sh;
			shellScript = "\"${SRCROOT}/Pods/Target Support Files/Pods-FlatstackTaskTests/Pods-FlatstackTaskTests-frameworks.sh\"\n";
			showEnvVarsInLog = 0;
		};
		783D810D175FE025093E7828 /* [CP] Check Pods Manifest.lock */ = {
			isa = PBXShellScriptBuildPhase;
			buildActionMask = 2147483647;
			files = (
			);
			inputPaths = (
				"${PODS_PODFILE_DIR_PATH}/Podfile.lock",
				"${PODS_ROOT}/Manifest.lock",
			);
			name = "[CP] Check Pods Manifest.lock";
			outputPaths = (
				"$(DERIVED_FILE_DIR)/Pods-FlatstackTaskUITests-checkManifestLockResult.txt",
			);
			runOnlyForDeploymentPostprocessing = 0;
			shellPath = /bin/sh;
			shellScript = "diff \"${PODS_PODFILE_DIR_PATH}/Podfile.lock\" \"${PODS_ROOT}/Manifest.lock\" > /dev/null\nif [ $? != 0 ] ; then\n    # print error to STDERR\n    echo \"error: The sandbox is not in sync with the Podfile.lock. Run 'pod install' or update your CocoaPods installation.\" >&2\n    exit 1\nfi\n# This output is used by Xcode 'outputs' to avoid re-running this script phase.\necho \"SUCCESS\" > \"${SCRIPT_OUTPUT_FILE_0}\"\n";
			showEnvVarsInLog = 0;
		};
		B9BE18A3BE7F7587043599E2 /* [CP] Check Pods Manifest.lock */ = {
			isa = PBXShellScriptBuildPhase;
			buildActionMask = 2147483647;
			files = (
			);
			inputPaths = (
				"${PODS_PODFILE_DIR_PATH}/Podfile.lock",
				"${PODS_ROOT}/Manifest.lock",
			);
			name = "[CP] Check Pods Manifest.lock";
			outputPaths = (
				"$(DERIVED_FILE_DIR)/Pods-FlatstackTaskTests-checkManifestLockResult.txt",
			);
			runOnlyForDeploymentPostprocessing = 0;
			shellPath = /bin/sh;
			shellScript = "diff \"${PODS_PODFILE_DIR_PATH}/Podfile.lock\" \"${PODS_ROOT}/Manifest.lock\" > /dev/null\nif [ $? != 0 ] ; then\n    # print error to STDERR\n    echo \"error: The sandbox is not in sync with the Podfile.lock. Run 'pod install' or update your CocoaPods installation.\" >&2\n    exit 1\nfi\n# This output is used by Xcode 'outputs' to avoid re-running this script phase.\necho \"SUCCESS\" > \"${SCRIPT_OUTPUT_FILE_0}\"\n";
			showEnvVarsInLog = 0;
		};
		EA0AF478A6F29C390F00D0E0 /* [CP] Copy Pods Resources */ = {
			isa = PBXShellScriptBuildPhase;
			buildActionMask = 2147483647;
			files = (
			);
			inputPaths = (
			);
			name = "[CP] Copy Pods Resources";
			outputPaths = (
			);
			runOnlyForDeploymentPostprocessing = 0;
			shellPath = /bin/sh;
			shellScript = "\"${SRCROOT}/Pods/Target Support Files/Pods-FlatstackTaskUITests/Pods-FlatstackTaskUITests-resources.sh\"\n";
			showEnvVarsInLog = 0;
		};
		F19B779D85CAF5B19F30C7EC /* [CP] Embed Pods Frameworks */ = {
			isa = PBXShellScriptBuildPhase;
			buildActionMask = 2147483647;
			files = (
			);
			inputPaths = (
			);
			name = "[CP] Embed Pods Frameworks";
			outputPaths = (
			);
			runOnlyForDeploymentPostprocessing = 0;
			shellPath = /bin/sh;
			shellScript = "\"${SRCROOT}/Pods/Target Support Files/Pods-FlatstackTask/Pods-FlatstackTask-frameworks.sh\"\n";
			showEnvVarsInLog = 0;
		};
/* End PBXShellScriptBuildPhase section */

/* Begin PBXSourcesBuildPhase section */
		5998F3321FCDA71700E88012 /* Sources */ = {
			isa = PBXSourcesBuildPhase;
			buildActionMask = 2147483647;
			files = (
				59C8B5E31FD1947D0015CB34 /* CountryInfoTableViewCell.m in Sources */,
				5998F3961FD0379B00E88012 /* ApiProvider.m in Sources */,
				5998F33B1FCDA71700E88012 /* AppDelegate.m in Sources */,
				59C8B5EF1FD1975B0015CB34 /* CountryImagesCollectionViewCell.m in Sources */,
				594767061FDAC83200A9B56B /* ResponderTableView.m in Sources */,
				5991FC821FD6D70C00250D78 /* CountryDetailsViewController.m in Sources */,
				5953ADA41FE2E3FD00BF37B2 /* CountryManaged+CoreDataClass.m in Sources */,
				5998F3A01FD061E600E88012 /* ImageDownloader.m in Sources */,
				5998F34C1FCDA71700E88012 /* main.m in Sources */,
				59C8B5E91FD195D60015CB34 /* CountryAboutTableViewCell.m in Sources */,
				5953ADA51FE2E3FD00BF37B2 /* CountryManaged+CoreDataProperties.m in Sources */,
				5998F39D1FD0449E00E88012 /* CountryParser.m in Sources */,
				5998F3741FCDA79200E88012 /* CountryTableViewController.m in Sources */,
				5953AD8A1FE2B12300BF37B2 /* CoreDataManager.m in Sources */,
				5998F3441FCDA71700E88012 /* FlatstackTask.xcdatamodeld in Sources */,
				5953AD991FE2D46E00BF37B2 /* CountryRepository.m in Sources */,
				5998F38F1FD031C700E88012 /* LoadCountryRequest.m in Sources */,
				5998F37B1FCDAC6000E88012 /* CountryTableViewCell.m in Sources */,
				5998F3771FCDA7FB00E88012 /* Country.m in Sources */,
				5953AD941FE2C88F00BF37B2 /* BaseRepository.m in Sources */,
			);
			runOnlyForDeploymentPostprocessing = 0;
		};
		5998F34D1FCDA71700E88012 /* Sources */ = {
			isa = PBXSourcesBuildPhase;
			buildActionMask = 2147483647;
			files = (
				59956A5A1FED52D00083298D /* ImageDownloaderTest.m in Sources */,
				597C48BB1FEC09AE009AD84C /* CountryDetailsViewControllerTest.m in Sources */,
				5998F3561FCDA71700E88012 /* CountryTableViewControllerTest.m in Sources */,
			);
			runOnlyForDeploymentPostprocessing = 0;
		};
		5998F3581FCDA71700E88012 /* Sources */ = {
			isa = PBXSourcesBuildPhase;
			buildActionMask = 2147483647;
			files = (
				5998F3611FCDA71700E88012 /* FlatstackTaskUITests.m in Sources */,
			);
			runOnlyForDeploymentPostprocessing = 0;
		};
/* End PBXSourcesBuildPhase section */

/* Begin PBXTargetDependency section */
		5998F3531FCDA71700E88012 /* PBXTargetDependency */ = {
			isa = PBXTargetDependency;
			target = 5998F3351FCDA71700E88012 /* FlatstackTask */;
			targetProxy = 5998F3521FCDA71700E88012 /* PBXContainerItemProxy */;
		};
		5998F35E1FCDA71700E88012 /* PBXTargetDependency */ = {
			isa = PBXTargetDependency;
			target = 5998F3351FCDA71700E88012 /* FlatstackTask */;
			targetProxy = 5998F35D1FCDA71700E88012 /* PBXContainerItemProxy */;
		};
/* End PBXTargetDependency section */

/* Begin PBXVariantGroup section */
		5998F33F1FCDA71700E88012 /* Main.storyboard */ = {
			isa = PBXVariantGroup;
			children = (
				5998F3401FCDA71700E88012 /* Base */,
			);
			name = Main.storyboard;
			sourceTree = "<group>";
		};
		5998F3471FCDA71700E88012 /* LaunchScreen.storyboard */ = {
			isa = PBXVariantGroup;
			children = (
				5998F3481FCDA71700E88012 /* Base */,
			);
			name = LaunchScreen.storyboard;
			sourceTree = "<group>";
		};
/* End PBXVariantGroup section */

/* Begin XCBuildConfiguration section */
		5998F3631FCDA71700E88012 /* Debug */ = {
			isa = XCBuildConfiguration;
			buildSettings = {
				ALWAYS_SEARCH_USER_PATHS = NO;
				CLANG_ANALYZER_NONNULL = YES;
				CLANG_ANALYZER_NUMBER_OBJECT_CONVERSION = YES_AGGRESSIVE;
				CLANG_CXX_LANGUAGE_STANDARD = "gnu++14";
				CLANG_CXX_LIBRARY = "libc++";
				CLANG_ENABLE_MODULES = YES;
				CLANG_ENABLE_OBJC_ARC = YES;
				CLANG_WARN_BLOCK_CAPTURE_AUTORELEASING = YES;
				CLANG_WARN_BOOL_CONVERSION = YES;
				CLANG_WARN_COMMA = YES;
				CLANG_WARN_CONSTANT_CONVERSION = YES;
				CLANG_WARN_DIRECT_OBJC_ISA_USAGE = YES_ERROR;
				CLANG_WARN_DOCUMENTATION_COMMENTS = YES;
				CLANG_WARN_EMPTY_BODY = YES;
				CLANG_WARN_ENUM_CONVERSION = YES;
				CLANG_WARN_INFINITE_RECURSION = YES;
				CLANG_WARN_INT_CONVERSION = YES;
				CLANG_WARN_NON_LITERAL_NULL_CONVERSION = YES;
				CLANG_WARN_OBJC_LITERAL_CONVERSION = YES;
				CLANG_WARN_OBJC_ROOT_CLASS = YES_ERROR;
				CLANG_WARN_RANGE_LOOP_ANALYSIS = YES;
				CLANG_WARN_STRICT_PROTOTYPES = YES;
				CLANG_WARN_SUSPICIOUS_MOVE = YES;
				CLANG_WARN_UNGUARDED_AVAILABILITY = YES_AGGRESSIVE;
				CLANG_WARN_UNREACHABLE_CODE = YES;
				CLANG_WARN__DUPLICATE_METHOD_MATCH = YES;
				CODE_SIGN_IDENTITY = "iPhone Developer";
				COPY_PHASE_STRIP = NO;
				DEBUG_INFORMATION_FORMAT = dwarf;
				ENABLE_STRICT_OBJC_MSGSEND = YES;
				ENABLE_TESTABILITY = YES;
				GCC_C_LANGUAGE_STANDARD = gnu11;
				GCC_DYNAMIC_NO_PIC = NO;
				GCC_NO_COMMON_BLOCKS = YES;
				GCC_OPTIMIZATION_LEVEL = 0;
				GCC_PREPROCESSOR_DEFINITIONS = (
					"DEBUG=1",
					"$(inherited)",
				);
				GCC_WARN_64_TO_32_BIT_CONVERSION = YES;
				GCC_WARN_ABOUT_RETURN_TYPE = YES_ERROR;
				GCC_WARN_UNDECLARED_SELECTOR = YES;
				GCC_WARN_UNINITIALIZED_AUTOS = YES_AGGRESSIVE;
				GCC_WARN_UNUSED_FUNCTION = YES;
				GCC_WARN_UNUSED_VARIABLE = YES;
				IPHONEOS_DEPLOYMENT_TARGET = 11.0;
				MTL_ENABLE_DEBUG_INFO = YES;
				ONLY_ACTIVE_ARCH = YES;
				SDKROOT = iphoneos;
			};
			name = Debug;
		};
		5998F3641FCDA71700E88012 /* Release */ = {
			isa = XCBuildConfiguration;
			buildSettings = {
				ALWAYS_SEARCH_USER_PATHS = NO;
				CLANG_ANALYZER_NONNULL = YES;
				CLANG_ANALYZER_NUMBER_OBJECT_CONVERSION = YES_AGGRESSIVE;
				CLANG_CXX_LANGUAGE_STANDARD = "gnu++14";
				CLANG_CXX_LIBRARY = "libc++";
				CLANG_ENABLE_MODULES = YES;
				CLANG_ENABLE_OBJC_ARC = YES;
				CLANG_WARN_BLOCK_CAPTURE_AUTORELEASING = YES;
				CLANG_WARN_BOOL_CONVERSION = YES;
				CLANG_WARN_COMMA = YES;
				CLANG_WARN_CONSTANT_CONVERSION = YES;
				CLANG_WARN_DIRECT_OBJC_ISA_USAGE = YES_ERROR;
				CLANG_WARN_DOCUMENTATION_COMMENTS = YES;
				CLANG_WARN_EMPTY_BODY = YES;
				CLANG_WARN_ENUM_CONVERSION = YES;
				CLANG_WARN_INFINITE_RECURSION = YES;
				CLANG_WARN_INT_CONVERSION = YES;
				CLANG_WARN_NON_LITERAL_NULL_CONVERSION = YES;
				CLANG_WARN_OBJC_LITERAL_CONVERSION = YES;
				CLANG_WARN_OBJC_ROOT_CLASS = YES_ERROR;
				CLANG_WARN_RANGE_LOOP_ANALYSIS = YES;
				CLANG_WARN_STRICT_PROTOTYPES = YES;
				CLANG_WARN_SUSPICIOUS_MOVE = YES;
				CLANG_WARN_UNGUARDED_AVAILABILITY = YES_AGGRESSIVE;
				CLANG_WARN_UNREACHABLE_CODE = YES;
				CLANG_WARN__DUPLICATE_METHOD_MATCH = YES;
				CODE_SIGN_IDENTITY = "iPhone Developer";
				COPY_PHASE_STRIP = NO;
				DEBUG_INFORMATION_FORMAT = "dwarf-with-dsym";
				ENABLE_NS_ASSERTIONS = NO;
				ENABLE_STRICT_OBJC_MSGSEND = YES;
				GCC_C_LANGUAGE_STANDARD = gnu11;
				GCC_NO_COMMON_BLOCKS = YES;
				GCC_WARN_64_TO_32_BIT_CONVERSION = YES;
				GCC_WARN_ABOUT_RETURN_TYPE = YES_ERROR;
				GCC_WARN_UNDECLARED_SELECTOR = YES;
				GCC_WARN_UNINITIALIZED_AUTOS = YES_AGGRESSIVE;
				GCC_WARN_UNUSED_FUNCTION = YES;
				GCC_WARN_UNUSED_VARIABLE = YES;
				IPHONEOS_DEPLOYMENT_TARGET = 11.0;
				MTL_ENABLE_DEBUG_INFO = NO;
				SDKROOT = iphoneos;
				VALIDATE_PRODUCT = YES;
			};
			name = Release;
		};
		5998F3661FCDA71700E88012 /* Debug */ = {
			isa = XCBuildConfiguration;
			baseConfigurationReference = 4A37B0A8DAF971D20C28D828 /* Pods-FlatstackTask.debug.xcconfig */;
			buildSettings = {
				ASSETCATALOG_COMPILER_APPICON_NAME = AppIcon;
				CODE_SIGN_STYLE = Automatic;
				DEVELOPMENT_TEAM = W56K4E4L5F;
				FRAMEWORK_SEARCH_PATHS = (
					"$(inherited)",
					"$(PROJECT_DIR)",
					"$(PROJECT_DIR)/FlatstackTask",
				);
				INFOPLIST_FILE = "$(SRCROOT)/FlatstackTask/Supporting Files/Info.plist";
				LD_RUNPATH_SEARCH_PATHS = "$(inherited) @executable_path/Frameworks";
				PRODUCT_BUNDLE_IDENTIFIER = com.flatstack.FlatstackTask;
				PRODUCT_NAME = "$(TARGET_NAME)";
				TARGETED_DEVICE_FAMILY = "1,2";
			};
			name = Debug;
		};
		5998F3671FCDA71700E88012 /* Release */ = {
			isa = XCBuildConfiguration;
			baseConfigurationReference = BF57791604D29CF5D3A3B635 /* Pods-FlatstackTask.release.xcconfig */;
			buildSettings = {
				ASSETCATALOG_COMPILER_APPICON_NAME = AppIcon;
				CODE_SIGN_STYLE = Automatic;
				DEVELOPMENT_TEAM = W56K4E4L5F;
				FRAMEWORK_SEARCH_PATHS = (
					"$(inherited)",
					"$(PROJECT_DIR)",
					"$(PROJECT_DIR)/FlatstackTask",
				);
				INFOPLIST_FILE = "$(SRCROOT)/FlatstackTask/Supporting Files/Info.plist";
				LD_RUNPATH_SEARCH_PATHS = "$(inherited) @executable_path/Frameworks";
				PRODUCT_BUNDLE_IDENTIFIER = com.flatstack.FlatstackTask;
				PRODUCT_NAME = "$(TARGET_NAME)";
				TARGETED_DEVICE_FAMILY = "1,2";
			};
			name = Release;
		};
		5998F3691FCDA71700E88012 /* Debug */ = {
			isa = XCBuildConfiguration;
			baseConfigurationReference = 0ACAF55E5F4CF43F4CBBA6A3 /* Pods-FlatstackTaskTests.debug.xcconfig */;
			buildSettings = {
				BUNDLE_LOADER = "$(TEST_HOST)";
				CODE_SIGN_STYLE = Automatic;
				DEVELOPMENT_TEAM = W56K4E4L5F;
				INFOPLIST_FILE = FlatstackTaskTests/Info.plist;
				LD_RUNPATH_SEARCH_PATHS = "$(inherited) @executable_path/Frameworks @loader_path/Frameworks";
				PRODUCT_BUNDLE_IDENTIFIER = com.flatstack.FlatstackTaskTests;
				PRODUCT_NAME = "$(TARGET_NAME)";
				TARGETED_DEVICE_FAMILY = "1,2";
				TEST_HOST = "$(BUILT_PRODUCTS_DIR)/FlatstackTask.app/FlatstackTask";
			};
			name = Debug;
		};
		5998F36A1FCDA71700E88012 /* Release */ = {
			isa = XCBuildConfiguration;
			baseConfigurationReference = DCFA226B919BA4770EB1DEF9 /* Pods-FlatstackTaskTests.release.xcconfig */;
			buildSettings = {
				BUNDLE_LOADER = "$(TEST_HOST)";
				CODE_SIGN_STYLE = Automatic;
				DEVELOPMENT_TEAM = W56K4E4L5F;
				INFOPLIST_FILE = FlatstackTaskTests/Info.plist;
				LD_RUNPATH_SEARCH_PATHS = "$(inherited) @executable_path/Frameworks @loader_path/Frameworks";
				PRODUCT_BUNDLE_IDENTIFIER = com.flatstack.FlatstackTaskTests;
				PRODUCT_NAME = "$(TARGET_NAME)";
				TARGETED_DEVICE_FAMILY = "1,2";
				TEST_HOST = "$(BUILT_PRODUCTS_DIR)/FlatstackTask.app/FlatstackTask";
			};
			name = Release;
		};
		5998F36C1FCDA71700E88012 /* Debug */ = {
			isa = XCBuildConfiguration;
			baseConfigurationReference = D9DAC78F1AE019B26A8A8CE1 /* Pods-FlatstackTaskUITests.debug.xcconfig */;
			buildSettings = {
				CODE_SIGN_STYLE = Automatic;
				DEVELOPMENT_TEAM = W56K4E4L5F;
				INFOPLIST_FILE = FlatstackTaskUITests/Info.plist;
				LD_RUNPATH_SEARCH_PATHS = "$(inherited) @executable_path/Frameworks @loader_path/Frameworks";
				PRODUCT_BUNDLE_IDENTIFIER = com.flatstack.FlatstackTaskUITests;
				PRODUCT_NAME = "$(TARGET_NAME)";
				TARGETED_DEVICE_FAMILY = "1,2";
				TEST_TARGET_NAME = FlatstackTask;
			};
			name = Debug;
		};
		5998F36D1FCDA71700E88012 /* Release */ = {
			isa = XCBuildConfiguration;
			baseConfigurationReference = 82AC836D9EA67AE1C644EFA4 /* Pods-FlatstackTaskUITests.release.xcconfig */;
			buildSettings = {
				CODE_SIGN_STYLE = Automatic;
				DEVELOPMENT_TEAM = W56K4E4L5F;
				INFOPLIST_FILE = FlatstackTaskUITests/Info.plist;
				LD_RUNPATH_SEARCH_PATHS = "$(inherited) @executable_path/Frameworks @loader_path/Frameworks";
				PRODUCT_BUNDLE_IDENTIFIER = com.flatstack.FlatstackTaskUITests;
				PRODUCT_NAME = "$(TARGET_NAME)";
				TARGETED_DEVICE_FAMILY = "1,2";
				TEST_TARGET_NAME = FlatstackTask;
			};
			name = Release;
		};
/* End XCBuildConfiguration section */

/* Begin XCConfigurationList section */
		5998F3311FCDA71700E88012 /* Build configuration list for PBXProject "FlatstackTask" */ = {
			isa = XCConfigurationList;
			buildConfigurations = (
				5998F3631FCDA71700E88012 /* Debug */,
				5998F3641FCDA71700E88012 /* Release */,
			);
			defaultConfigurationIsVisible = 0;
			defaultConfigurationName = Release;
		};
		5998F3651FCDA71700E88012 /* Build configuration list for PBXNativeTarget "FlatstackTask" */ = {
			isa = XCConfigurationList;
			buildConfigurations = (
				5998F3661FCDA71700E88012 /* Debug */,
				5998F3671FCDA71700E88012 /* Release */,
			);
			defaultConfigurationIsVisible = 0;
			defaultConfigurationName = Release;
		};
		5998F3681FCDA71700E88012 /* Build configuration list for PBXNativeTarget "FlatstackTaskTests" */ = {
			isa = XCConfigurationList;
			buildConfigurations = (
				5998F3691FCDA71700E88012 /* Debug */,
				5998F36A1FCDA71700E88012 /* Release */,
			);
			defaultConfigurationIsVisible = 0;
			defaultConfigurationName = Release;
		};
		5998F36B1FCDA71700E88012 /* Build configuration list for PBXNativeTarget "FlatstackTaskUITests" */ = {
			isa = XCConfigurationList;
			buildConfigurations = (
				5998F36C1FCDA71700E88012 /* Debug */,
				5998F36D1FCDA71700E88012 /* Release */,
			);
			defaultConfigurationIsVisible = 0;
			defaultConfigurationName = Release;
		};
/* End XCConfigurationList section */

/* Begin XCVersionGroup section */
		5998F3421FCDA71700E88012 /* FlatstackTask.xcdatamodeld */ = {
			isa = XCVersionGroup;
			children = (
				5998F3431FCDA71700E88012 /* FlatstackTask.xcdatamodel */,
			);
			currentVersion = 5998F3431FCDA71700E88012 /* FlatstackTask.xcdatamodel */;
			path = FlatstackTask.xcdatamodeld;
			sourceTree = "<group>";
			versionGroupType = wrapper.xcdatamodel;
		};
/* End XCVersionGroup section */
	};
	rootObject = 5998F32E1FCDA71700E88012 /* Project object */;
}
