// !$*UTF8*$!
{
	archiveVersion = 1;
	classes = {
	};
	objectVersion = 48;
	objects = {

/* Begin PBXBuildFile section */
		5998F33B1FCDA71700E88012 /* AppDelegate.m in Sources */ = {isa = PBXBuildFile; fileRef = 5998F33A1FCDA71700E88012 /* AppDelegate.m */; };
		5998F3411FCDA71700E88012 /* Main.storyboard in Resources */ = {isa = PBXBuildFile; fileRef = 5998F33F1FCDA71700E88012 /* Main.storyboard */; };
		5998F3441FCDA71700E88012 /* FlatstackTask.xcdatamodeld in Sources */ = {isa = PBXBuildFile; fileRef = 5998F3421FCDA71700E88012 /* FlatstackTask.xcdatamodeld */; };
		5998F3461FCDA71700E88012 /* Assets.xcassets in Resources */ = {isa = PBXBuildFile; fileRef = 5998F3451FCDA71700E88012 /* Assets.xcassets */; };
		5998F3491FCDA71700E88012 /* LaunchScreen.storyboard in Resources */ = {isa = PBXBuildFile; fileRef = 5998F3471FCDA71700E88012 /* LaunchScreen.storyboard */; };
		5998F34C1FCDA71700E88012 /* main.m in Sources */ = {isa = PBXBuildFile; fileRef = 5998F34B1FCDA71700E88012 /* main.m */; };
		5998F3561FCDA71700E88012 /* FlatstackTaskTests.m in Sources */ = {isa = PBXBuildFile; fileRef = 5998F3551FCDA71700E88012 /* FlatstackTaskTests.m */; };
		5998F3611FCDA71700E88012 /* FlatstackTaskUITests.m in Sources */ = {isa = PBXBuildFile; fileRef = 5998F3601FCDA71700E88012 /* FlatstackTaskUITests.m */; };
		5998F3741FCDA79200E88012 /* CountryTableViewController.m in Sources */ = {isa = PBXBuildFile; fileRef = 5998F3731FCDA79200E88012 /* CountryTableViewController.m */; };
		5998F3771FCDA7FB00E88012 /* Country.m in Sources */ = {isa = PBXBuildFile; fileRef = 5998F3761FCDA7FB00E88012 /* Country.m */; };
		5998F37B1FCDAC6000E88012 /* CountryTableViewCell.m in Sources */ = {isa = PBXBuildFile; fileRef = 5998F3791FCDAC6000E88012 /* CountryTableViewCell.m */; };
		5998F37C1FCDAC6000E88012 /* CountryTableViewCell.xib in Resources */ = {isa = PBXBuildFile; fileRef = 5998F37A1FCDAC6000E88012 /* CountryTableViewCell.xib */; };
/* End PBXBuildFile section */

/* Begin PBXContainerItemProxy section */
		5998F3521FCDA71700E88012 /* PBXContainerItemProxy */ = {
			isa = PBXContainerItemProxy;
			containerPortal = 5998F32E1FCDA71700E88012 /* Project object */;
			proxyType = 1;
			remoteGlobalIDString = 5998F3351FCDA71700E88012;
			remoteInfo = FlatstackTask;
		};
		5998F35D1FCDA71700E88012 /* PBXContainerItemProxy */ = {
			isa = PBXContainerItemProxy;
			containerPortal = 5998F32E1FCDA71700E88012 /* Project object */;
			proxyType = 1;
			remoteGlobalIDString = 5998F3351FCDA71700E88012;
			remoteInfo = FlatstackTask;
		};
/* End PBXContainerItemProxy section */

/* Begin PBXFileReference section */
		5998F3361FCDA71700E88012 /* FlatstackTask.app */ = {isa = PBXFileReference; explicitFileType = wrapper.application; includeInIndex = 0; path = FlatstackTask.app; sourceTree = BUILT_PRODUCTS_DIR; };
		5998F3391FCDA71700E88012 /* AppDelegate.h */ = {isa = PBXFileReference; lastKnownFileType = sourcecode.c.h; path = AppDelegate.h; sourceTree = "<group>"; };
		5998F33A1FCDA71700E88012 /* AppDelegate.m */ = {isa = PBXFileReference; lastKnownFileType = sourcecode.c.objc; path = AppDelegate.m; sourceTree = "<group>"; };
		5998F3401FCDA71700E88012 /* Base */ = {isa = PBXFileReference; lastKnownFileType = file.storyboard; name = Base; path = Base.lproj/Main.storyboard; sourceTree = "<group>"; };
		5998F3431FCDA71700E88012 /* FlatstackTask.xcdatamodel */ = {isa = PBXFileReference; lastKnownFileType = wrapper.xcdatamodel; path = FlatstackTask.xcdatamodel; sourceTree = "<group>"; };
		5998F3451FCDA71700E88012 /* Assets.xcassets */ = {isa = PBXFileReference; lastKnownFileType = folder.assetcatalog; path = Assets.xcassets; sourceTree = "<group>"; };
		5998F3481FCDA71700E88012 /* Base */ = {isa = PBXFileReference; lastKnownFileType = file.storyboard; name = Base; path = Base.lproj/LaunchScreen.storyboard; sourceTree = "<group>"; };
		5998F34A1FCDA71700E88012 /* Info.plist */ = {isa = PBXFileReference; lastKnownFileType = text.plist.xml; path = Info.plist; sourceTree = "<group>"; };
		5998F34B1FCDA71700E88012 /* main.m */ = {isa = PBXFileReference; lastKnownFileType = sourcecode.c.objc; path = main.m; sourceTree = "<group>"; };
		5998F3511FCDA71700E88012 /* FlatstackTaskTests.xctest */ = {isa = PBXFileReference; explicitFileType = wrapper.cfbundle; includeInIndex = 0; path = FlatstackTaskTests.xctest; sourceTree = BUILT_PRODUCTS_DIR; };
		5998F3551FCDA71700E88012 /* FlatstackTaskTests.m */ = {isa = PBXFileReference; lastKnownFileType = sourcecode.c.objc; path = FlatstackTaskTests.m; sourceTree = "<group>"; };
		5998F3571FCDA71700E88012 /* Info.plist */ = {isa = PBXFileReference; lastKnownFileType = text.plist.xml; path = Info.plist; sourceTree = "<group>"; };
		5998F35C1FCDA71700E88012 /* FlatstackTaskUITests.xctest */ = {isa = PBXFileReference; explicitFileType = wrapper.cfbundle; includeInIndex = 0; path = FlatstackTaskUITests.xctest; sourceTree = BUILT_PRODUCTS_DIR; };
		5998F3601FCDA71700E88012 /* FlatstackTaskUITests.m */ = {isa = PBXFileReference; lastKnownFileType = sourcecode.c.objc; path = FlatstackTaskUITests.m; sourceTree = "<group>"; };
		5998F3621FCDA71700E88012 /* Info.plist */ = {isa = PBXFileReference; lastKnownFileType = text.plist.xml; path = Info.plist; sourceTree = "<group>"; };
		5998F3721FCDA79200E88012 /* CountryTableViewController.h */ = {isa = PBXFileReference; lastKnownFileType = sourcecode.c.h; path = CountryTableViewController.h; sourceTree = "<group>"; };
		5998F3731FCDA79200E88012 /* CountryTableViewController.m */ = {isa = PBXFileReference; lastKnownFileType = sourcecode.c.objc; path = CountryTableViewController.m; sourceTree = "<group>"; };
		5998F3751FCDA7FB00E88012 /* Country.h */ = {isa = PBXFileReference; lastKnownFileType = sourcecode.c.h; path = Country.h; sourceTree = "<group>"; };
		5998F3761FCDA7FB00E88012 /* Country.m */ = {isa = PBXFileReference; lastKnownFileType = sourcecode.c.objc; path = Country.m; sourceTree = "<group>"; };
		5998F3781FCDAC6000E88012 /* CountryTableViewCell.h */ = {isa = PBXFileReference; lastKnownFileType = sourcecode.c.h; path = CountryTableViewCell.h; sourceTree = "<group>"; };
		5998F3791FCDAC6000E88012 /* CountryTableViewCell.m */ = {isa = PBXFileReference; lastKnownFileType = sourcecode.c.objc; path = CountryTableViewCell.m; sourceTree = "<group>"; };
		5998F37A1FCDAC6000E88012 /* CountryTableViewCell.xib */ = {isa = PBXFileReference; lastKnownFileType = file.xib; path = CountryTableViewCell.xib; sourceTree = "<group>"; };
/* End PBXFileReference section */

/* Begin PBXFrameworksBuildPhase section */
		5998F3331FCDA71700E88012 /* Frameworks */ = {
			isa = PBXFrameworksBuildPhase;
			buildActionMask = 2147483647;
			files = (
			);
			runOnlyForDeploymentPostprocessing = 0;
		};
		5998F34E1FCDA71700E88012 /* Frameworks */ = {
			isa = PBXFrameworksBuildPhase;
			buildActionMask = 2147483647;
			files = (
			);
			runOnlyForDeploymentPostprocessing = 0;
		};
		5998F3591FCDA71700E88012 /* Frameworks */ = {
			isa = PBXFrameworksBuildPhase;
			buildActionMask = 2147483647;
			files = (
			);
			runOnlyForDeploymentPostprocessing = 0;
		};
/* End PBXFrameworksBuildPhase section */

/* Begin PBXGroup section */
		5998F32D1FCDA71700E88012 = {
			isa = PBXGroup;
			children = (
				5998F3381FCDA71700E88012 /* FlatstackTask */,
				5998F3541FCDA71700E88012 /* FlatstackTaskTests */,
				5998F35F1FCDA71700E88012 /* FlatstackTaskUITests */,
				5998F3371FCDA71700E88012 /* Products */,
			);
			sourceTree = "<group>";
		};
		5998F3371FCDA71700E88012 /* Products */ = {
			isa = PBXGroup;
			children = (
				5998F3361FCDA71700E88012 /* FlatstackTask.app */,
				5998F3511FCDA71700E88012 /* FlatstackTaskTests.xctest */,
				5998F35C1FCDA71700E88012 /* FlatstackTaskUITests.xctest */,
			);
			name = Products;
			sourceTree = "<group>";
		};
		5998F3381FCDA71700E88012 /* FlatstackTask */ = {
			isa = PBXGroup;
			children = (
				5998F3711FCDA76E00E88012 /* Supporting Files */,
				5998F3701FCDA76700E88012 /* Controllers */,
				5998F36F1FCDA76000E88012 /* Views */,
				5998F36E1FCDA75A00E88012 /* Models */,
			);
			path = FlatstackTask;
			sourceTree = "<group>";
		};
		5998F3541FCDA71700E88012 /* FlatstackTaskTests */ = {
			isa = PBXGroup;
			children = (
				5998F3551FCDA71700E88012 /* FlatstackTaskTests.m */,
				5998F3571FCDA71700E88012 /* Info.plist */,
			);
			path = FlatstackTaskTests;
			sourceTree = "<group>";
		};
		5998F35F1FCDA71700E88012 /* FlatstackTaskUITests */ = {
			isa = PBXGroup;
			children = (
				5998F3601FCDA71700E88012 /* FlatstackTaskUITests.m */,
				5998F3621FCDA71700E88012 /* Info.plist */,
			);
			path = FlatstackTaskUITests;
			sourceTree = "<group>";
		};
		5998F36E1FCDA75A00E88012 /* Models */ = {
			isa = PBXGroup;
			children = (
				5998F3751FCDA7FB00E88012 /* Country.h */,
				5998F3761FCDA7FB00E88012 /* Country.m */,
			);
			path = Models;
			sourceTree = "<group>";
		};
		5998F36F1FCDA76000E88012 /* Views */ = {
			isa = PBXGroup;
			children = (
				5998F3781FCDAC6000E88012 /* CountryTableViewCell.h */,
				5998F3791FCDAC6000E88012 /* CountryTableViewCell.m */,
				5998F37A1FCDAC6000E88012 /* CountryTableViewCell.xib */,
			);
			path = Views;
			sourceTree = "<group>";
		};
		5998F3701FCDA76700E88012 /* Controllers */ = {
			isa = PBXGroup;
			children = (
				5998F3721FCDA79200E88012 /* CountryTableViewController.h */,
				5998F3731FCDA79200E88012 /* CountryTableViewController.m */,
			);
			path = Controllers;
			sourceTree = "<group>";
		};
		5998F3711FCDA76E00E88012 /* Supporting Files */ = {
			isa = PBXGroup;
			children = (
				5998F3391FCDA71700E88012 /* AppDelegate.h */,
				5998F33A1FCDA71700E88012 /* AppDelegate.m */,
				5998F33F1FCDA71700E88012 /* Main.storyboard */,
				5998F3451FCDA71700E88012 /* Assets.xcassets */,
				5998F3471FCDA71700E88012 /* LaunchScreen.storyboard */,
				5998F34A1FCDA71700E88012 /* Info.plist */,
				5998F34B1FCDA71700E88012 /* main.m */,
				5998F3421FCDA71700E88012 /* FlatstackTask.xcdatamodeld */,
			);
			path = "Supporting Files";
			sourceTree = "<group>";
		};
/* End PBXGroup section */

/* Begin PBXNativeTarget section */
		5998F3351FCDA71700E88012 /* FlatstackTask */ = {
			isa = PBXNativeTarget;
			buildConfigurationList = 5998F3651FCDA71700E88012 /* Build configuration list for PBXNativeTarget "FlatstackTask" */;
			buildPhases = (
				5998F3321FCDA71700E88012 /* Sources */,
				5998F3331FCDA71700E88012 /* Frameworks */,
				5998F3341FCDA71700E88012 /* Resources */,
			);
			buildRules = (
			);
			dependencies = (
			);
			name = FlatstackTask;
			productName = FlatstackTask;
			productReference = 5998F3361FCDA71700E88012 /* FlatstackTask.app */;
			productType = "com.apple.product-type.application";
		};
		5998F3501FCDA71700E88012 /* FlatstackTaskTests */ = {
			isa = PBXNativeTarget;
			buildConfigurationList = 5998F3681FCDA71700E88012 /* Build configuration list for PBXNativeTarget "FlatstackTaskTests" */;
			buildPhases = (
				5998F34D1FCDA71700E88012 /* Sources */,
				5998F34E1FCDA71700E88012 /* Frameworks */,
				5998F34F1FCDA71700E88012 /* Resources */,
			);
			buildRules = (
			);
			dependencies = (
				5998F3531FCDA71700E88012 /* PBXTargetDependency */,
			);
			name = FlatstackTaskTests;
			productName = FlatstackTaskTests;
			productReference = 5998F3511FCDA71700E88012 /* FlatstackTaskTests.xctest */;
			productType = "com.apple.product-type.bundle.unit-test";
		};
		5998F35B1FCDA71700E88012 /* FlatstackTaskUITests */ = {
			isa = PBXNativeTarget;
			buildConfigurationList = 5998F36B1FCDA71700E88012 /* Build configuration list for PBXNativeTarget "FlatstackTaskUITests" */;
			buildPhases = (
				5998F3581FCDA71700E88012 /* Sources */,
				5998F3591FCDA71700E88012 /* Frameworks */,
				5998F35A1FCDA71700E88012 /* Resources */,
			);
			buildRules = (
			);
			dependencies = (
				5998F35E1FCDA71700E88012 /* PBXTargetDependency */,
			);
			name = FlatstackTaskUITests;
			productName = FlatstackTaskUITests;
			productReference = 5998F35C1FCDA71700E88012 /* FlatstackTaskUITests.xctest */;
			productType = "com.apple.product-type.bundle.ui-testing";
		};
/* End PBXNativeTarget section */

/* Begin PBXProject section */
		5998F32E1FCDA71700E88012 /* Project object */ = {
			isa = PBXProject;
			attributes = {
				LastUpgradeCheck = 0900;
				ORGANIZATIONNAME = Flatstack;
				TargetAttributes = {
					5998F3351FCDA71700E88012 = {
						CreatedOnToolsVersion = 9.0.1;
						ProvisioningStyle = Automatic;
					};
					5998F3501FCDA71700E88012 = {
						CreatedOnToolsVersion = 9.0.1;
						ProvisioningStyle = Automatic;
						TestTargetID = 5998F3351FCDA71700E88012;
					};
					5998F35B1FCDA71700E88012 = {
						CreatedOnToolsVersion = 9.0.1;
						ProvisioningStyle = Automatic;
						TestTargetID = 5998F3351FCDA71700E88012;
					};
				};
			};
			buildConfigurationList = 5998F3311FCDA71700E88012 /* Build configuration list for PBXProject "FlatstackTask" */;
			compatibilityVersion = "Xcode 8.0";
			developmentRegion = en;
			hasScannedForEncodings = 0;
			knownRegions = (
				en,
				Base,
			);
			mainGroup = 5998F32D1FCDA71700E88012;
			productRefGroup = 5998F3371FCDA71700E88012 /* Products */;
			projectDirPath = "";
			projectRoot = "";
			targets = (
				5998F3351FCDA71700E88012 /* FlatstackTask */,
				5998F3501FCDA71700E88012 /* FlatstackTaskTests */,
				5998F35B1FCDA71700E88012 /* FlatstackTaskUITests */,
			);
		};
/* End PBXProject section */

/* Begin PBXResourcesBuildPhase section */
		5998F3341FCDA71700E88012 /* Resources */ = {
			isa = PBXResourcesBuildPhase;
			buildActionMask = 2147483647;
			files = (
				5998F37C1FCDAC6000E88012 /* CountryTableViewCell.xib in Resources */,
				5998F3491FCDA71700E88012 /* LaunchScreen.storyboard in Resources */,
				5998F3461FCDA71700E88012 /* Assets.xcassets in Resources */,
				5998F3411FCDA71700E88012 /* Main.storyboard in Resources */,
			);
			runOnlyForDeploymentPostprocessing = 0;
		};
		5998F34F1FCDA71700E88012 /* Resources */ = {
			isa = PBXResourcesBuildPhase;
			buildActionMask = 2147483647;
			files = (
			);
			runOnlyForDeploymentPostprocessing = 0;
		};
		5998F35A1FCDA71700E88012 /* Resources */ = {
			isa = PBXResourcesBuildPhase;
			buildActionMask = 2147483647;
			files = (
			);
			runOnlyForDeploymentPostprocessing = 0;
		};
/* End PBXResourcesBuildPhase section */

/* Begin PBXSourcesBuildPhase section */
		5998F3321FCDA71700E88012 /* Sources */ = {
			isa = PBXSourcesBuildPhase;
			buildActionMask = 2147483647;
			files = (
				5998F33B1FCDA71700E88012 /* AppDelegate.m in Sources */,
				5998F34C1FCDA71700E88012 /* main.m in Sources */,
				5998F3741FCDA79200E88012 /* CountryTableViewController.m in Sources */,
				5998F3441FCDA71700E88012 /* FlatstackTask.xcdatamodeld in Sources */,
				5998F37B1FCDAC6000E88012 /* CountryTableViewCell.m in Sources */,
				5998F3771FCDA7FB00E88012 /* Country.m in Sources */,
			);
			runOnlyForDeploymentPostprocessing = 0;
		};
		5998F34D1FCDA71700E88012 /* Sources */ = {
			isa = PBXSourcesBuildPhase;
			buildActionMask = 2147483647;
			files = (
				5998F3561FCDA71700E88012 /* FlatstackTaskTests.m in Sources */,
			);
			runOnlyForDeploymentPostprocessing = 0;
		};
		5998F3581FCDA71700E88012 /* Sources */ = {
			isa = PBXSourcesBuildPhase;
			buildActionMask = 2147483647;
			files = (
				5998F3611FCDA71700E88012 /* FlatstackTaskUITests.m in Sources */,
			);
			runOnlyForDeploymentPostprocessing = 0;
		};
/* End PBXSourcesBuildPhase section */

/* Begin PBXTargetDependency section */
		5998F3531FCDA71700E88012 /* PBXTargetDependency */ = {
			isa = PBXTargetDependency;
			target = 5998F3351FCDA71700E88012 /* FlatstackTask */;
			targetProxy = 5998F3521FCDA71700E88012 /* PBXContainerItemProxy */;
		};
		5998F35E1FCDA71700E88012 /* PBXTargetDependency */ = {
			isa = PBXTargetDependency;
			target = 5998F3351FCDA71700E88012 /* FlatstackTask */;
			targetProxy = 5998F35D1FCDA71700E88012 /* PBXContainerItemProxy */;
		};
/* End PBXTargetDependency section */

/* Begin PBXVariantGroup section */
		5998F33F1FCDA71700E88012 /* Main.storyboard */ = {
			isa = PBXVariantGroup;
			children = (
				5998F3401FCDA71700E88012 /* Base */,
			);
			name = Main.storyboard;
			sourceTree = "<group>";
		};
		5998F3471FCDA71700E88012 /* LaunchScreen.storyboard */ = {
			isa = PBXVariantGroup;
			children = (
				5998F3481FCDA71700E88012 /* Base */,
			);
			name = LaunchScreen.storyboard;
			sourceTree = "<group>";
		};
/* End PBXVariantGroup section */

/* Begin XCBuildConfiguration section */
		5998F3631FCDA71700E88012 /* Debug */ = {
			isa = XCBuildConfiguration;
			buildSettings = {
				ALWAYS_SEARCH_USER_PATHS = NO;
				CLANG_ANALYZER_NONNULL = YES;
				CLANG_ANALYZER_NUMBER_OBJECT_CONVERSION = YES_AGGRESSIVE;
				CLANG_CXX_LANGUAGE_STANDARD = "gnu++14";
				CLANG_CXX_LIBRARY = "libc++";
				CLANG_ENABLE_MODULES = YES;
				CLANG_ENABLE_OBJC_ARC = YES;
				CLANG_WARN_BLOCK_CAPTURE_AUTORELEASING = YES;
				CLANG_WARN_BOOL_CONVERSION = YES;
				CLANG_WARN_COMMA = YES;
				CLANG_WARN_CONSTANT_CONVERSION = YES;
				CLANG_WARN_DIRECT_OBJC_ISA_USAGE = YES_ERROR;
				CLANG_WARN_DOCUMENTATION_COMMENTS = YES;
				CLANG_WARN_EMPTY_BODY = YES;
				CLANG_WARN_ENUM_CONVERSION = YES;
				CLANG_WARN_INFINITE_RECURSION = YES;
				CLANG_WARN_INT_CONVERSION = YES;
				CLANG_WARN_NON_LITERAL_NULL_CONVERSION = YES;
				CLANG_WARN_OBJC_LITERAL_CONVERSION = YES;
				CLANG_WARN_OBJC_ROOT_CLASS = YES_ERROR;
				CLANG_WARN_RANGE_LOOP_ANALYSIS = YES;
				CLANG_WARN_STRICT_PROTOTYPES = YES;
				CLANG_WARN_SUSPICIOUS_MOVE = YES;
				CLANG_WARN_UNGUARDED_AVAILABILITY = YES_AGGRESSIVE;
				CLANG_WARN_UNREACHABLE_CODE = YES;
				CLANG_WARN__DUPLICATE_METHOD_MATCH = YES;
				CODE_SIGN_IDENTITY = "iPhone Developer";
				COPY_PHASE_STRIP = NO;
				DEBUG_INFORMATION_FORMAT = dwarf;
				ENABLE_STRICT_OBJC_MSGSEND = YES;
				ENABLE_TESTABILITY = YES;
				GCC_C_LANGUAGE_STANDARD = gnu11;
				GCC_DYNAMIC_NO_PIC = NO;
				GCC_NO_COMMON_BLOCKS = YES;
				GCC_OPTIMIZATION_LEVEL = 0;
				GCC_PREPROCESSOR_DEFINITIONS = (
					"DEBUG=1",
					"$(inherited)",
				);
				GCC_WARN_64_TO_32_BIT_CONVERSION = YES;
				GCC_WARN_ABOUT_RETURN_TYPE = YES_ERROR;
				GCC_WARN_UNDECLARED_SELECTOR = YES;
				GCC_WARN_UNINITIALIZED_AUTOS = YES_AGGRESSIVE;
				GCC_WARN_UNUSED_FUNCTION = YES;
				GCC_WARN_UNUSED_VARIABLE = YES;
				IPHONEOS_DEPLOYMENT_TARGET = 11.0;
				MTL_ENABLE_DEBUG_INFO = YES;
				ONLY_ACTIVE_ARCH = YES;
				SDKROOT = iphoneos;
			};
			name = Debug;
		};
		5998F3641FCDA71700E88012 /* Release */ = {
			isa = XCBuildConfiguration;
			buildSettings = {
				ALWAYS_SEARCH_USER_PATHS = NO;
				CLANG_ANALYZER_NONNULL = YES;
				CLANG_ANALYZER_NUMBER_OBJECT_CONVERSION = YES_AGGRESSIVE;
				CLANG_CXX_LANGUAGE_STANDARD = "gnu++14";
				CLANG_CXX_LIBRARY = "libc++";
				CLANG_ENABLE_MODULES = YES;
				CLANG_ENABLE_OBJC_ARC = YES;
				CLANG_WARN_BLOCK_CAPTURE_AUTORELEASING = YES;
				CLANG_WARN_BOOL_CONVERSION = YES;
				CLANG_WARN_COMMA = YES;
				CLANG_WARN_CONSTANT_CONVERSION = YES;
				CLANG_WARN_DIRECT_OBJC_ISA_USAGE = YES_ERROR;
				CLANG_WARN_DOCUMENTATION_COMMENTS = YES;
				CLANG_WARN_EMPTY_BODY = YES;
				CLANG_WARN_ENUM_CONVERSION = YES;
				CLANG_WARN_INFINITE_RECURSION = YES;
				CLANG_WARN_INT_CONVERSION = YES;
				CLANG_WARN_NON_LITERAL_NULL_CONVERSION = YES;
				CLANG_WARN_OBJC_LITERAL_CONVERSION = YES;
				CLANG_WARN_OBJC_ROOT_CLASS = YES_ERROR;
				CLANG_WARN_RANGE_LOOP_ANALYSIS = YES;
				CLANG_WARN_STRICT_PROTOTYPES = YES;
				CLANG_WARN_SUSPICIOUS_MOVE = YES;
				CLANG_WARN_UNGUARDED_AVAILABILITY = YES_AGGRESSIVE;
				CLANG_WARN_UNREACHABLE_CODE = YES;
				CLANG_WARN__DUPLICATE_METHOD_MATCH = YES;
				CODE_SIGN_IDENTITY = "iPhone Developer";
				COPY_PHASE_STRIP = NO;
				DEBUG_INFORMATION_FORMAT = "dwarf-with-dsym";
				ENABLE_NS_ASSERTIONS = NO;
				ENABLE_STRICT_OBJC_MSGSEND = YES;
				GCC_C_LANGUAGE_STANDARD = gnu11;
				GCC_NO_COMMON_BLOCKS = YES;
				GCC_WARN_64_TO_32_BIT_CONVERSION = YES;
				GCC_WARN_ABOUT_RETURN_TYPE = YES_ERROR;
				GCC_WARN_UNDECLARED_SELECTOR = YES;
				GCC_WARN_UNINITIALIZED_AUTOS = YES_AGGRESSIVE;
				GCC_WARN_UNUSED_FUNCTION = YES;
				GCC_WARN_UNUSED_VARIABLE = YES;
				IPHONEOS_DEPLOYMENT_TARGET = 11.0;
				MTL_ENABLE_DEBUG_INFO = NO;
				SDKROOT = iphoneos;
				VALIDATE_PRODUCT = YES;
			};
			name = Release;
		};
		5998F3661FCDA71700E88012 /* Debug */ = {
			isa = XCBuildConfiguration;
			buildSettings = {
				ASSETCATALOG_COMPILER_APPICON_NAME = AppIcon;
				CODE_SIGN_STYLE = Automatic;
				DEVELOPMENT_TEAM = W56K4E4L5F;
				INFOPLIST_FILE = "$(SRCROOT)/FlatstackTask/Supporting Files/Info.plist";
				LD_RUNPATH_SEARCH_PATHS = "$(inherited) @executable_path/Frameworks";
				PRODUCT_BUNDLE_IDENTIFIER = com.flatstack.FlatstackTask;
				PRODUCT_NAME = "$(TARGET_NAME)";
				TARGETED_DEVICE_FAMILY = "1,2";
			};
			name = Debug;
		};
		5998F3671FCDA71700E88012 /* Release */ = {
			isa = XCBuildConfiguration;
			buildSettings = {
				ASSETCATALOG_COMPILER_APPICON_NAME = AppIcon;
				CODE_SIGN_STYLE = Automatic;
				DEVELOPMENT_TEAM = W56K4E4L5F;
				INFOPLIST_FILE = "$(SRCROOT)/FlatstackTask/Supporting Files/Info.plist";
				LD_RUNPATH_SEARCH_PATHS = "$(inherited) @executable_path/Frameworks";
				PRODUCT_BUNDLE_IDENTIFIER = com.flatstack.FlatstackTask;
				PRODUCT_NAME = "$(TARGET_NAME)";
				TARGETED_DEVICE_FAMILY = "1,2";
			};
			name = Release;
		};
		5998F3691FCDA71700E88012 /* Debug */ = {
			isa = XCBuildConfiguration;
			buildSettings = {
				BUNDLE_LOADER = "$(TEST_HOST)";
				CODE_SIGN_STYLE = Automatic;
				DEVELOPMENT_TEAM = W56K4E4L5F;
				INFOPLIST_FILE = FlatstackTaskTests/Info.plist;
				LD_RUNPATH_SEARCH_PATHS = "$(inherited) @executable_path/Frameworks @loader_path/Frameworks";
				PRODUCT_BUNDLE_IDENTIFIER = com.flatstack.FlatstackTaskTests;
				PRODUCT_NAME = "$(TARGET_NAME)";
				TARGETED_DEVICE_FAMILY = "1,2";
				TEST_HOST = "$(BUILT_PRODUCTS_DIR)/FlatstackTask.app/FlatstackTask";
			};
			name = Debug;
		};
		5998F36A1FCDA71700E88012 /* Release */ = {
			isa = XCBuildConfiguration;
			buildSettings = {
				BUNDLE_LOADER = "$(TEST_HOST)";
				CODE_SIGN_STYLE = Automatic;
				DEVELOPMENT_TEAM = W56K4E4L5F;
				INFOPLIST_FILE = FlatstackTaskTests/Info.plist;
				LD_RUNPATH_SEARCH_PATHS = "$(inherited) @executable_path/Frameworks @loader_path/Frameworks";
				PRODUCT_BUNDLE_IDENTIFIER = com.flatstack.FlatstackTaskTests;
				PRODUCT_NAME = "$(TARGET_NAME)";
				TARGETED_DEVICE_FAMILY = "1,2";
				TEST_HOST = "$(BUILT_PRODUCTS_DIR)/FlatstackTask.app/FlatstackTask";
			};
			name = Release;
		};
		5998F36C1FCDA71700E88012 /* Debug */ = {
			isa = XCBuildConfiguration;
			buildSettings = {
				CODE_SIGN_STYLE = Automatic;
				DEVELOPMENT_TEAM = W56K4E4L5F;
				INFOPLIST_FILE = FlatstackTaskUITests/Info.plist;
				LD_RUNPATH_SEARCH_PATHS = "$(inherited) @executable_path/Frameworks @loader_path/Frameworks";
				PRODUCT_BUNDLE_IDENTIFIER = com.flatstack.FlatstackTaskUITests;
				PRODUCT_NAME = "$(TARGET_NAME)";
				TARGETED_DEVICE_FAMILY = "1,2";
				TEST_TARGET_NAME = FlatstackTask;
			};
			name = Debug;
		};
		5998F36D1FCDA71700E88012 /* Release */ = {
			isa = XCBuildConfiguration;
			buildSettings = {
				CODE_SIGN_STYLE = Automatic;
				DEVELOPMENT_TEAM = W56K4E4L5F;
				INFOPLIST_FILE = FlatstackTaskUITests/Info.plist;
				LD_RUNPATH_SEARCH_PATHS = "$(inherited) @executable_path/Frameworks @loader_path/Frameworks";
				PRODUCT_BUNDLE_IDENTIFIER = com.flatstack.FlatstackTaskUITests;
				PRODUCT_NAME = "$(TARGET_NAME)";
				TARGETED_DEVICE_FAMILY = "1,2";
				TEST_TARGET_NAME = FlatstackTask;
			};
			name = Release;
		};
/* End XCBuildConfiguration section */

/* Begin XCConfigurationList section */
		5998F3311FCDA71700E88012 /* Build configuration list for PBXProject "FlatstackTask" */ = {
			isa = XCConfigurationList;
			buildConfigurations = (
				5998F3631FCDA71700E88012 /* Debug */,
				5998F3641FCDA71700E88012 /* Release */,
			);
			defaultConfigurationIsVisible = 0;
			defaultConfigurationName = Release;
		};
		5998F3651FCDA71700E88012 /* Build configuration list for PBXNativeTarget "FlatstackTask" */ = {
			isa = XCConfigurationList;
			buildConfigurations = (
				5998F3661FCDA71700E88012 /* Debug */,
				5998F3671FCDA71700E88012 /* Release */,
			);
			defaultConfigurationIsVisible = 0;
			defaultConfigurationName = Release;
		};
		5998F3681FCDA71700E88012 /* Build configuration list for PBXNativeTarget "FlatstackTaskTests" */ = {
			isa = XCConfigurationList;
			buildConfigurations = (
				5998F3691FCDA71700E88012 /* Debug */,
				5998F36A1FCDA71700E88012 /* Release */,
			);
			defaultConfigurationIsVisible = 0;
			defaultConfigurationName = Release;
		};
		5998F36B1FCDA71700E88012 /* Build configuration list for PBXNativeTarget "FlatstackTaskUITests" */ = {
			isa = XCConfigurationList;
			buildConfigurations = (
				5998F36C1FCDA71700E88012 /* Debug */,
				5998F36D1FCDA71700E88012 /* Release */,
			);
			defaultConfigurationIsVisible = 0;
			defaultConfigurationName = Release;
		};
/* End XCConfigurationList section */

/* Begin XCVersionGroup section */
		5998F3421FCDA71700E88012 /* FlatstackTask.xcdatamodeld */ = {
			isa = XCVersionGroup;
			children = (
				5998F3431FCDA71700E88012 /* FlatstackTask.xcdatamodel */,
			);
			currentVersion = 5998F3431FCDA71700E88012 /* FlatstackTask.xcdatamodel */;
			path = FlatstackTask.xcdatamodeld;
			sourceTree = "<group>";
			versionGroupType = wrapper.xcdatamodel;
		};
/* End XCVersionGroup section */
	};
	rootObject = 5998F32E1FCDA71700E88012 /* Project object */;
}
